
Microsoft Visual Studio Solution File, Format Version 12.00
# Visual Studio 15
VisualStudioVersion = 15.0.27130.2024
MinimumVisualStudioVersion = 10.0.40219.1
Project("{9A19103F-16F7-4668-BE54-9A1E7A4F7556}") = "MS.IoT.Domain", "MS.IoT.Domain\MS.IoT.Domain.csproj", "{0050539A-9952-4A2B-97D0-1F2A6FD0E06C}"
EndProject
Project("{9A19103F-16F7-4668-BE54-9A1E7A4F7556}") = "MS.IoT.Repositories", "MS.IoT.Repositories\MS.IoT.Repositories.csproj", "{4EB33578-8425-439B-9014-99E07778BD75}"
EndProject
Project("{2150E333-8FDC-42A3-9474-1A3956D46DE8}") = "Tests", "Tests", "{D4537DFB-4534-4137-87FB-AA5050D37606}"
EndProject
Project("{9A19103F-16F7-4668-BE54-9A1E7A4F7556}") = "MS.IoT.Repositories.Tests", "MS.IoT.Repositories.Tests\MS.IoT.Repositories.Tests.csproj", "{CDE24E7B-18F1-486D-83E2-B498FA1EFBE3}"
EndProject
Project("{9A19103F-16F7-4668-BE54-9A1E7A4F7556}") = "MS.IoT.Common", "MS.IoT.Common\MS.IoT.Common.csproj", "{9882C0F6-5E84-4F20-ABA0-F5994F1C1AA7}"
EndProject
Project("{FAE04EC0-301F-11D3-BF4B-00C04F79EFBC}") = "MS.IoT.UWP.CoffeeMaker", "MS.IoT.UWP.CoffeeMaker\MS.IoT.UWP.CoffeeMaker.csproj", "{A4AD9100-9025-4386-A680-BF1F9E665E8F}"
EndProject
Project("{9A19103F-16F7-4668-BE54-9A1E7A4F7556}") = "MS.IoT.DeviceTwinSimulator", "MS.IoT.DeviceTwinSimulator\MS.IoT.DeviceTwinSimulator.csproj", "{5416DF3A-334A-48C9-9A49-30FDC52E2483}"
EndProject
Project("{9A19103F-16F7-4668-BE54-9A1E7A4F7556}") = "MS.IoT.FourByFour.CoffeeMaker.StressTest", "MS.IoT.FourByFour.CoffeeMaker.StressTest\MS.IoT.FourByFour.CoffeeMaker.StressTest.csproj", "{42BCE3FD-05B7-45D2-9052-37EB096B9382}"
EndProject
Project("{9A19103F-16F7-4668-BE54-9A1E7A4F7556}") = "MS.IoT.DataPacketDesigner.Web", "MS.IoT.DataPacketDesigner.Web\MS.IoT.DataPacketDesigner.Web.csproj", "{295A132E-B584-40F4-A3FA-7DE25C2F80FE}"
EndProject
Project("{9A19103F-16F7-4668-BE54-9A1E7A4F7556}") = "MS.IoT.MarketingPortal.Web", "MS.IoT.MarketingPortal.Web\MS.IoT.MarketingPortal.Web.csproj", "{9286CEA6-23BF-48E1-ADC8-088A476290DA}"
EndProject
Project("{9A19103F-16F7-4668-BE54-9A1E7A4F7556}") = "MS.IoT.DeviceManagementPortal.Web", "MS.IoT.DeviceManagementPortal.Web\MS.IoT.DeviceManagementPortal.Web.csproj", "{24C964D3-3B3C-4CC9-8523-94200B90F2B6}"
EndProject
Project("{9A19103F-16F7-4668-BE54-9A1E7A4F7556}") = "MS.IoT.DeviceManagementMobile.Web", "MS.IoT.DeviceManagementMobile.Web\MS.IoT.DeviceManagementMobile.Web.csproj", "{49A29117-513C-4F63-804A-DD3189124377}"
EndProject
Global
	GlobalSection(SolutionConfigurationPlatforms) = preSolution
		Ad-Hoc|Any CPU = Ad-Hoc|Any CPU
		Ad-Hoc|ARM = Ad-Hoc|ARM
		Ad-Hoc|iPhone = Ad-Hoc|iPhone
		Ad-Hoc|iPhoneSimulator = Ad-Hoc|iPhoneSimulator
		Ad-Hoc|x64 = Ad-Hoc|x64
		Ad-Hoc|x86 = Ad-Hoc|x86
		AppStore|Any CPU = AppStore|Any CPU
		AppStore|ARM = AppStore|ARM
		AppStore|iPhone = AppStore|iPhone
		AppStore|iPhoneSimulator = AppStore|iPhoneSimulator
		AppStore|x64 = AppStore|x64
		AppStore|x86 = AppStore|x86
		Debug|Any CPU = Debug|Any CPU
		Debug|ARM = Debug|ARM
		Debug|iPhone = Debug|iPhone
		Debug|iPhoneSimulator = Debug|iPhoneSimulator
		Debug|x64 = Debug|x64
		Debug|x86 = Debug|x86
		Release|Any CPU = Release|Any CPU
		Release|ARM = Release|ARM
		Release|iPhone = Release|iPhone
		Release|iPhoneSimulator = Release|iPhoneSimulator
		Release|x64 = Release|x64
		Release|x86 = Release|x86
	EndGlobalSection
	GlobalSection(ProjectConfigurationPlatforms) = postSolution
		{0050539A-9952-4A2B-97D0-1F2A6FD0E06C}.Ad-Hoc|Any CPU.ActiveCfg = Release|Any CPU
		{0050539A-9952-4A2B-97D0-1F2A6FD0E06C}.Ad-Hoc|Any CPU.Build.0 = Release|Any CPU
		{0050539A-9952-4A2B-97D0-1F2A6FD0E06C}.Ad-Hoc|ARM.ActiveCfg = Release|Any CPU
		{0050539A-9952-4A2B-97D0-1F2A6FD0E06C}.Ad-Hoc|ARM.Build.0 = Release|Any CPU
		{0050539A-9952-4A2B-97D0-1F2A6FD0E06C}.Ad-Hoc|iPhone.ActiveCfg = Release|Any CPU
		{0050539A-9952-4A2B-97D0-1F2A6FD0E06C}.Ad-Hoc|iPhone.Build.0 = Release|Any CPU
		{0050539A-9952-4A2B-97D0-1F2A6FD0E06C}.Ad-Hoc|iPhoneSimulator.ActiveCfg = Release|Any CPU
		{0050539A-9952-4A2B-97D0-1F2A6FD0E06C}.Ad-Hoc|iPhoneSimulator.Build.0 = Release|Any CPU
		{0050539A-9952-4A2B-97D0-1F2A6FD0E06C}.Ad-Hoc|x64.ActiveCfg = Release|Any CPU
		{0050539A-9952-4A2B-97D0-1F2A6FD0E06C}.Ad-Hoc|x64.Build.0 = Release|Any CPU
		{0050539A-9952-4A2B-97D0-1F2A6FD0E06C}.Ad-Hoc|x86.ActiveCfg = Release|Any CPU
		{0050539A-9952-4A2B-97D0-1F2A6FD0E06C}.Ad-Hoc|x86.Build.0 = Release|Any CPU
		{0050539A-9952-4A2B-97D0-1F2A6FD0E06C}.AppStore|Any CPU.ActiveCfg = Release|Any CPU
		{0050539A-9952-4A2B-97D0-1F2A6FD0E06C}.AppStore|Any CPU.Build.0 = Release|Any CPU
		{0050539A-9952-4A2B-97D0-1F2A6FD0E06C}.AppStore|ARM.ActiveCfg = Release|Any CPU
		{0050539A-9952-4A2B-97D0-1F2A6FD0E06C}.AppStore|ARM.Build.0 = Release|Any CPU
		{0050539A-9952-4A2B-97D0-1F2A6FD0E06C}.AppStore|iPhone.ActiveCfg = Release|Any CPU
		{0050539A-9952-4A2B-97D0-1F2A6FD0E06C}.AppStore|iPhone.Build.0 = Release|Any CPU
		{0050539A-9952-4A2B-97D0-1F2A6FD0E06C}.AppStore|iPhoneSimulator.ActiveCfg = Release|Any CPU
		{0050539A-9952-4A2B-97D0-1F2A6FD0E06C}.AppStore|iPhoneSimulator.Build.0 = Release|Any CPU
		{0050539A-9952-4A2B-97D0-1F2A6FD0E06C}.AppStore|x64.ActiveCfg = Release|Any CPU
		{0050539A-9952-4A2B-97D0-1F2A6FD0E06C}.AppStore|x64.Build.0 = Release|Any CPU
		{0050539A-9952-4A2B-97D0-1F2A6FD0E06C}.AppStore|x86.ActiveCfg = Release|Any CPU
		{0050539A-9952-4A2B-97D0-1F2A6FD0E06C}.AppStore|x86.Build.0 = Release|Any CPU
		{0050539A-9952-4A2B-97D0-1F2A6FD0E06C}.Debug|Any CPU.ActiveCfg = Debug|Any CPU
		{0050539A-9952-4A2B-97D0-1F2A6FD0E06C}.Debug|Any CPU.Build.0 = Debug|Any CPU
		{0050539A-9952-4A2B-97D0-1F2A6FD0E06C}.Debug|ARM.ActiveCfg = Debug|Any CPU
		{0050539A-9952-4A2B-97D0-1F2A6FD0E06C}.Debug|ARM.Build.0 = Debug|Any CPU
		{0050539A-9952-4A2B-97D0-1F2A6FD0E06C}.Debug|iPhone.ActiveCfg = Debug|Any CPU
		{0050539A-9952-4A2B-97D0-1F2A6FD0E06C}.Debug|iPhone.Build.0 = Debug|Any CPU
		{0050539A-9952-4A2B-97D0-1F2A6FD0E06C}.Debug|iPhoneSimulator.ActiveCfg = Debug|Any CPU
		{0050539A-9952-4A2B-97D0-1F2A6FD0E06C}.Debug|iPhoneSimulator.Build.0 = Debug|Any CPU
		{0050539A-9952-4A2B-97D0-1F2A6FD0E06C}.Debug|x64.ActiveCfg = Debug|Any CPU
		{0050539A-9952-4A2B-97D0-1F2A6FD0E06C}.Debug|x64.Build.0 = Debug|Any CPU
		{0050539A-9952-4A2B-97D0-1F2A6FD0E06C}.Debug|x86.ActiveCfg = Debug|Any CPU
		{0050539A-9952-4A2B-97D0-1F2A6FD0E06C}.Debug|x86.Build.0 = Debug|Any CPU
		{0050539A-9952-4A2B-97D0-1F2A6FD0E06C}.Release|Any CPU.ActiveCfg = Release|Any CPU
		{0050539A-9952-4A2B-97D0-1F2A6FD0E06C}.Release|Any CPU.Build.0 = Release|Any CPU
		{0050539A-9952-4A2B-97D0-1F2A6FD0E06C}.Release|ARM.ActiveCfg = Release|Any CPU
		{0050539A-9952-4A2B-97D0-1F2A6FD0E06C}.Release|ARM.Build.0 = Release|Any CPU
		{0050539A-9952-4A2B-97D0-1F2A6FD0E06C}.Release|iPhone.ActiveCfg = Release|Any CPU
		{0050539A-9952-4A2B-97D0-1F2A6FD0E06C}.Release|iPhone.Build.0 = Release|Any CPU
		{0050539A-9952-4A2B-97D0-1F2A6FD0E06C}.Release|iPhoneSimulator.ActiveCfg = Release|Any CPU
		{0050539A-9952-4A2B-97D0-1F2A6FD0E06C}.Release|iPhoneSimulator.Build.0 = Release|Any CPU
		{0050539A-9952-4A2B-97D0-1F2A6FD0E06C}.Release|x64.ActiveCfg = Release|Any CPU
		{0050539A-9952-4A2B-97D0-1F2A6FD0E06C}.Release|x64.Build.0 = Release|Any CPU
		{0050539A-9952-4A2B-97D0-1F2A6FD0E06C}.Release|x86.ActiveCfg = Release|Any CPU
		{0050539A-9952-4A2B-97D0-1F2A6FD0E06C}.Release|x86.Build.0 = Release|Any CPU
		{4EB33578-8425-439B-9014-99E07778BD75}.Ad-Hoc|Any CPU.ActiveCfg = Release|Any CPU
		{4EB33578-8425-439B-9014-99E07778BD75}.Ad-Hoc|Any CPU.Build.0 = Release|Any CPU
		{4EB33578-8425-439B-9014-99E07778BD75}.Ad-Hoc|ARM.ActiveCfg = Release|Any CPU
		{4EB33578-8425-439B-9014-99E07778BD75}.Ad-Hoc|ARM.Build.0 = Release|Any CPU
		{4EB33578-8425-439B-9014-99E07778BD75}.Ad-Hoc|iPhone.ActiveCfg = Release|Any CPU
		{4EB33578-8425-439B-9014-99E07778BD75}.Ad-Hoc|iPhone.Build.0 = Release|Any CPU
		{4EB33578-8425-439B-9014-99E07778BD75}.Ad-Hoc|iPhoneSimulator.ActiveCfg = Release|Any CPU
		{4EB33578-8425-439B-9014-99E07778BD75}.Ad-Hoc|iPhoneSimulator.Build.0 = Release|Any CPU
		{4EB33578-8425-439B-9014-99E07778BD75}.Ad-Hoc|x64.ActiveCfg = Release|Any CPU
		{4EB33578-8425-439B-9014-99E07778BD75}.Ad-Hoc|x64.Build.0 = Release|Any CPU
		{4EB33578-8425-439B-9014-99E07778BD75}.Ad-Hoc|x86.ActiveCfg = Release|Any CPU
		{4EB33578-8425-439B-9014-99E07778BD75}.Ad-Hoc|x86.Build.0 = Release|Any CPU
		{4EB33578-8425-439B-9014-99E07778BD75}.AppStore|Any CPU.ActiveCfg = Release|Any CPU
		{4EB33578-8425-439B-9014-99E07778BD75}.AppStore|Any CPU.Build.0 = Release|Any CPU
		{4EB33578-8425-439B-9014-99E07778BD75}.AppStore|ARM.ActiveCfg = Release|Any CPU
		{4EB33578-8425-439B-9014-99E07778BD75}.AppStore|ARM.Build.0 = Release|Any CPU
		{4EB33578-8425-439B-9014-99E07778BD75}.AppStore|iPhone.ActiveCfg = Release|Any CPU
		{4EB33578-8425-439B-9014-99E07778BD75}.AppStore|iPhone.Build.0 = Release|Any CPU
		{4EB33578-8425-439B-9014-99E07778BD75}.AppStore|iPhoneSimulator.ActiveCfg = Release|Any CPU
		{4EB33578-8425-439B-9014-99E07778BD75}.AppStore|iPhoneSimulator.Build.0 = Release|Any CPU
		{4EB33578-8425-439B-9014-99E07778BD75}.AppStore|x64.ActiveCfg = Release|Any CPU
		{4EB33578-8425-439B-9014-99E07778BD75}.AppStore|x64.Build.0 = Release|Any CPU
		{4EB33578-8425-439B-9014-99E07778BD75}.AppStore|x86.ActiveCfg = Release|Any CPU
		{4EB33578-8425-439B-9014-99E07778BD75}.AppStore|x86.Build.0 = Release|Any CPU
		{4EB33578-8425-439B-9014-99E07778BD75}.Debug|Any CPU.ActiveCfg = Debug|Any CPU
		{4EB33578-8425-439B-9014-99E07778BD75}.Debug|Any CPU.Build.0 = Debug|Any CPU
		{4EB33578-8425-439B-9014-99E07778BD75}.Debug|ARM.ActiveCfg = Debug|Any CPU
		{4EB33578-8425-439B-9014-99E07778BD75}.Debug|ARM.Build.0 = Debug|Any CPU
		{4EB33578-8425-439B-9014-99E07778BD75}.Debug|iPhone.ActiveCfg = Debug|Any CPU
		{4EB33578-8425-439B-9014-99E07778BD75}.Debug|iPhone.Build.0 = Debug|Any CPU
		{4EB33578-8425-439B-9014-99E07778BD75}.Debug|iPhoneSimulator.ActiveCfg = Debug|Any CPU
		{4EB33578-8425-439B-9014-99E07778BD75}.Debug|iPhoneSimulator.Build.0 = Debug|Any CPU
		{4EB33578-8425-439B-9014-99E07778BD75}.Debug|x64.ActiveCfg = Debug|Any CPU
		{4EB33578-8425-439B-9014-99E07778BD75}.Debug|x64.Build.0 = Debug|Any CPU
		{4EB33578-8425-439B-9014-99E07778BD75}.Debug|x86.ActiveCfg = Debug|Any CPU
		{4EB33578-8425-439B-9014-99E07778BD75}.Debug|x86.Build.0 = Debug|Any CPU
		{4EB33578-8425-439B-9014-99E07778BD75}.Release|Any CPU.ActiveCfg = Release|Any CPU
		{4EB33578-8425-439B-9014-99E07778BD75}.Release|Any CPU.Build.0 = Release|Any CPU
		{4EB33578-8425-439B-9014-99E07778BD75}.Release|ARM.ActiveCfg = Release|Any CPU
		{4EB33578-8425-439B-9014-99E07778BD75}.Release|ARM.Build.0 = Release|Any CPU
		{4EB33578-8425-439B-9014-99E07778BD75}.Release|iPhone.ActiveCfg = Release|Any CPU
		{4EB33578-8425-439B-9014-99E07778BD75}.Release|iPhone.Build.0 = Release|Any CPU
		{4EB33578-8425-439B-9014-99E07778BD75}.Release|iPhoneSimulator.ActiveCfg = Release|Any CPU
		{4EB33578-8425-439B-9014-99E07778BD75}.Release|iPhoneSimulator.Build.0 = Release|Any CPU
		{4EB33578-8425-439B-9014-99E07778BD75}.Release|x64.ActiveCfg = Release|Any CPU
		{4EB33578-8425-439B-9014-99E07778BD75}.Release|x64.Build.0 = Release|Any CPU
		{4EB33578-8425-439B-9014-99E07778BD75}.Release|x86.ActiveCfg = Release|Any CPU
		{4EB33578-8425-439B-9014-99E07778BD75}.Release|x86.Build.0 = Release|Any CPU
		{CDE24E7B-18F1-486D-83E2-B498FA1EFBE3}.Ad-Hoc|Any CPU.ActiveCfg = Release|Any CPU
		{CDE24E7B-18F1-486D-83E2-B498FA1EFBE3}.Ad-Hoc|Any CPU.Build.0 = Release|Any CPU
		{CDE24E7B-18F1-486D-83E2-B498FA1EFBE3}.Ad-Hoc|ARM.ActiveCfg = Release|Any CPU
		{CDE24E7B-18F1-486D-83E2-B498FA1EFBE3}.Ad-Hoc|ARM.Build.0 = Release|Any CPU
		{CDE24E7B-18F1-486D-83E2-B498FA1EFBE3}.Ad-Hoc|iPhone.ActiveCfg = Release|Any CPU
		{CDE24E7B-18F1-486D-83E2-B498FA1EFBE3}.Ad-Hoc|iPhone.Build.0 = Release|Any CPU
		{CDE24E7B-18F1-486D-83E2-B498FA1EFBE3}.Ad-Hoc|iPhoneSimulator.ActiveCfg = Release|Any CPU
		{CDE24E7B-18F1-486D-83E2-B498FA1EFBE3}.Ad-Hoc|iPhoneSimulator.Build.0 = Release|Any CPU
		{CDE24E7B-18F1-486D-83E2-B498FA1EFBE3}.Ad-Hoc|x64.ActiveCfg = Release|Any CPU
		{CDE24E7B-18F1-486D-83E2-B498FA1EFBE3}.Ad-Hoc|x64.Build.0 = Release|Any CPU
		{CDE24E7B-18F1-486D-83E2-B498FA1EFBE3}.Ad-Hoc|x86.ActiveCfg = Release|Any CPU
		{CDE24E7B-18F1-486D-83E2-B498FA1EFBE3}.Ad-Hoc|x86.Build.0 = Release|Any CPU
		{CDE24E7B-18F1-486D-83E2-B498FA1EFBE3}.AppStore|Any CPU.ActiveCfg = Release|Any CPU
		{CDE24E7B-18F1-486D-83E2-B498FA1EFBE3}.AppStore|Any CPU.Build.0 = Release|Any CPU
		{CDE24E7B-18F1-486D-83E2-B498FA1EFBE3}.AppStore|ARM.ActiveCfg = Release|Any CPU
		{CDE24E7B-18F1-486D-83E2-B498FA1EFBE3}.AppStore|ARM.Build.0 = Release|Any CPU
		{CDE24E7B-18F1-486D-83E2-B498FA1EFBE3}.AppStore|iPhone.ActiveCfg = Release|Any CPU
		{CDE24E7B-18F1-486D-83E2-B498FA1EFBE3}.AppStore|iPhone.Build.0 = Release|Any CPU
		{CDE24E7B-18F1-486D-83E2-B498FA1EFBE3}.AppStore|iPhoneSimulator.ActiveCfg = Release|Any CPU
		{CDE24E7B-18F1-486D-83E2-B498FA1EFBE3}.AppStore|iPhoneSimulator.Build.0 = Release|Any CPU
		{CDE24E7B-18F1-486D-83E2-B498FA1EFBE3}.AppStore|x64.ActiveCfg = Release|Any CPU
		{CDE24E7B-18F1-486D-83E2-B498FA1EFBE3}.AppStore|x64.Build.0 = Release|Any CPU
		{CDE24E7B-18F1-486D-83E2-B498FA1EFBE3}.AppStore|x86.ActiveCfg = Release|Any CPU
		{CDE24E7B-18F1-486D-83E2-B498FA1EFBE3}.AppStore|x86.Build.0 = Release|Any CPU
		{CDE24E7B-18F1-486D-83E2-B498FA1EFBE3}.Debug|Any CPU.ActiveCfg = Debug|Any CPU
		{CDE24E7B-18F1-486D-83E2-B498FA1EFBE3}.Debug|Any CPU.Build.0 = Debug|Any CPU
		{CDE24E7B-18F1-486D-83E2-B498FA1EFBE3}.Debug|ARM.ActiveCfg = Debug|Any CPU
		{CDE24E7B-18F1-486D-83E2-B498FA1EFBE3}.Debug|ARM.Build.0 = Debug|Any CPU
		{CDE24E7B-18F1-486D-83E2-B498FA1EFBE3}.Debug|iPhone.ActiveCfg = Debug|Any CPU
		{CDE24E7B-18F1-486D-83E2-B498FA1EFBE3}.Debug|iPhone.Build.0 = Debug|Any CPU
		{CDE24E7B-18F1-486D-83E2-B498FA1EFBE3}.Debug|iPhoneSimulator.ActiveCfg = Debug|Any CPU
		{CDE24E7B-18F1-486D-83E2-B498FA1EFBE3}.Debug|iPhoneSimulator.Build.0 = Debug|Any CPU
		{CDE24E7B-18F1-486D-83E2-B498FA1EFBE3}.Debug|x64.ActiveCfg = Debug|Any CPU
		{CDE24E7B-18F1-486D-83E2-B498FA1EFBE3}.Debug|x64.Build.0 = Debug|Any CPU
		{CDE24E7B-18F1-486D-83E2-B498FA1EFBE3}.Debug|x86.ActiveCfg = Debug|Any CPU
		{CDE24E7B-18F1-486D-83E2-B498FA1EFBE3}.Debug|x86.Build.0 = Debug|Any CPU
		{CDE24E7B-18F1-486D-83E2-B498FA1EFBE3}.Release|Any CPU.ActiveCfg = Release|Any CPU
		{CDE24E7B-18F1-486D-83E2-B498FA1EFBE3}.Release|Any CPU.Build.0 = Release|Any CPU
		{CDE24E7B-18F1-486D-83E2-B498FA1EFBE3}.Release|ARM.ActiveCfg = Release|Any CPU
		{CDE24E7B-18F1-486D-83E2-B498FA1EFBE3}.Release|ARM.Build.0 = Release|Any CPU
		{CDE24E7B-18F1-486D-83E2-B498FA1EFBE3}.Release|iPhone.ActiveCfg = Release|Any CPU
		{CDE24E7B-18F1-486D-83E2-B498FA1EFBE3}.Release|iPhone.Build.0 = Release|Any CPU
		{CDE24E7B-18F1-486D-83E2-B498FA1EFBE3}.Release|iPhoneSimulator.ActiveCfg = Release|Any CPU
		{CDE24E7B-18F1-486D-83E2-B498FA1EFBE3}.Release|iPhoneSimulator.Build.0 = Release|Any CPU
		{CDE24E7B-18F1-486D-83E2-B498FA1EFBE3}.Release|x64.ActiveCfg = Release|Any CPU
		{CDE24E7B-18F1-486D-83E2-B498FA1EFBE3}.Release|x64.Build.0 = Release|Any CPU
		{CDE24E7B-18F1-486D-83E2-B498FA1EFBE3}.Release|x86.ActiveCfg = Release|Any CPU
		{CDE24E7B-18F1-486D-83E2-B498FA1EFBE3}.Release|x86.Build.0 = Release|Any CPU
		{9882C0F6-5E84-4F20-ABA0-F5994F1C1AA7}.Ad-Hoc|Any CPU.ActiveCfg = Release|Any CPU
		{9882C0F6-5E84-4F20-ABA0-F5994F1C1AA7}.Ad-Hoc|Any CPU.Build.0 = Release|Any CPU
		{9882C0F6-5E84-4F20-ABA0-F5994F1C1AA7}.Ad-Hoc|ARM.ActiveCfg = Release|Any CPU
		{9882C0F6-5E84-4F20-ABA0-F5994F1C1AA7}.Ad-Hoc|ARM.Build.0 = Release|Any CPU
		{9882C0F6-5E84-4F20-ABA0-F5994F1C1AA7}.Ad-Hoc|iPhone.ActiveCfg = Release|Any CPU
		{9882C0F6-5E84-4F20-ABA0-F5994F1C1AA7}.Ad-Hoc|iPhone.Build.0 = Release|Any CPU
		{9882C0F6-5E84-4F20-ABA0-F5994F1C1AA7}.Ad-Hoc|iPhoneSimulator.ActiveCfg = Release|Any CPU
		{9882C0F6-5E84-4F20-ABA0-F5994F1C1AA7}.Ad-Hoc|iPhoneSimulator.Build.0 = Release|Any CPU
		{9882C0F6-5E84-4F20-ABA0-F5994F1C1AA7}.Ad-Hoc|x64.ActiveCfg = Release|Any CPU
		{9882C0F6-5E84-4F20-ABA0-F5994F1C1AA7}.Ad-Hoc|x64.Build.0 = Release|Any CPU
		{9882C0F6-5E84-4F20-ABA0-F5994F1C1AA7}.Ad-Hoc|x86.ActiveCfg = Release|Any CPU
		{9882C0F6-5E84-4F20-ABA0-F5994F1C1AA7}.Ad-Hoc|x86.Build.0 = Release|Any CPU
		{9882C0F6-5E84-4F20-ABA0-F5994F1C1AA7}.AppStore|Any CPU.ActiveCfg = Release|Any CPU
		{9882C0F6-5E84-4F20-ABA0-F5994F1C1AA7}.AppStore|Any CPU.Build.0 = Release|Any CPU
		{9882C0F6-5E84-4F20-ABA0-F5994F1C1AA7}.AppStore|ARM.ActiveCfg = Release|Any CPU
		{9882C0F6-5E84-4F20-ABA0-F5994F1C1AA7}.AppStore|ARM.Build.0 = Release|Any CPU
		{9882C0F6-5E84-4F20-ABA0-F5994F1C1AA7}.AppStore|iPhone.ActiveCfg = Release|Any CPU
		{9882C0F6-5E84-4F20-ABA0-F5994F1C1AA7}.AppStore|iPhone.Build.0 = Release|Any CPU
		{9882C0F6-5E84-4F20-ABA0-F5994F1C1AA7}.AppStore|iPhoneSimulator.ActiveCfg = Release|Any CPU
		{9882C0F6-5E84-4F20-ABA0-F5994F1C1AA7}.AppStore|iPhoneSimulator.Build.0 = Release|Any CPU
		{9882C0F6-5E84-4F20-ABA0-F5994F1C1AA7}.AppStore|x64.ActiveCfg = Release|Any CPU
		{9882C0F6-5E84-4F20-ABA0-F5994F1C1AA7}.AppStore|x64.Build.0 = Release|Any CPU
		{9882C0F6-5E84-4F20-ABA0-F5994F1C1AA7}.AppStore|x86.ActiveCfg = Release|Any CPU
		{9882C0F6-5E84-4F20-ABA0-F5994F1C1AA7}.AppStore|x86.Build.0 = Release|Any CPU
		{9882C0F6-5E84-4F20-ABA0-F5994F1C1AA7}.Debug|Any CPU.ActiveCfg = Debug|Any CPU
		{9882C0F6-5E84-4F20-ABA0-F5994F1C1AA7}.Debug|Any CPU.Build.0 = Debug|Any CPU
		{9882C0F6-5E84-4F20-ABA0-F5994F1C1AA7}.Debug|ARM.ActiveCfg = Debug|Any CPU
		{9882C0F6-5E84-4F20-ABA0-F5994F1C1AA7}.Debug|ARM.Build.0 = Debug|Any CPU
		{9882C0F6-5E84-4F20-ABA0-F5994F1C1AA7}.Debug|iPhone.ActiveCfg = Debug|Any CPU
		{9882C0F6-5E84-4F20-ABA0-F5994F1C1AA7}.Debug|iPhone.Build.0 = Debug|Any CPU
		{9882C0F6-5E84-4F20-ABA0-F5994F1C1AA7}.Debug|iPhoneSimulator.ActiveCfg = Debug|Any CPU
		{9882C0F6-5E84-4F20-ABA0-F5994F1C1AA7}.Debug|iPhoneSimulator.Build.0 = Debug|Any CPU
		{9882C0F6-5E84-4F20-ABA0-F5994F1C1AA7}.Debug|x64.ActiveCfg = Debug|Any CPU
		{9882C0F6-5E84-4F20-ABA0-F5994F1C1AA7}.Debug|x64.Build.0 = Debug|Any CPU
		{9882C0F6-5E84-4F20-ABA0-F5994F1C1AA7}.Debug|x86.ActiveCfg = Debug|Any CPU
		{9882C0F6-5E84-4F20-ABA0-F5994F1C1AA7}.Debug|x86.Build.0 = Debug|Any CPU
		{9882C0F6-5E84-4F20-ABA0-F5994F1C1AA7}.Release|Any CPU.ActiveCfg = Release|Any CPU
		{9882C0F6-5E84-4F20-ABA0-F5994F1C1AA7}.Release|Any CPU.Build.0 = Release|Any CPU
		{9882C0F6-5E84-4F20-ABA0-F5994F1C1AA7}.Release|ARM.ActiveCfg = Release|Any CPU
		{9882C0F6-5E84-4F20-ABA0-F5994F1C1AA7}.Release|ARM.Build.0 = Release|Any CPU
		{9882C0F6-5E84-4F20-ABA0-F5994F1C1AA7}.Release|iPhone.ActiveCfg = Release|Any CPU
		{9882C0F6-5E84-4F20-ABA0-F5994F1C1AA7}.Release|iPhone.Build.0 = Release|Any CPU
		{9882C0F6-5E84-4F20-ABA0-F5994F1C1AA7}.Release|iPhoneSimulator.ActiveCfg = Release|Any CPU
		{9882C0F6-5E84-4F20-ABA0-F5994F1C1AA7}.Release|iPhoneSimulator.Build.0 = Release|Any CPU
		{9882C0F6-5E84-4F20-ABA0-F5994F1C1AA7}.Release|x64.ActiveCfg = Release|Any CPU
		{9882C0F6-5E84-4F20-ABA0-F5994F1C1AA7}.Release|x64.Build.0 = Release|Any CPU
		{9882C0F6-5E84-4F20-ABA0-F5994F1C1AA7}.Release|x86.ActiveCfg = Release|Any CPU
		{9882C0F6-5E84-4F20-ABA0-F5994F1C1AA7}.Release|x86.Build.0 = Release|Any CPU
		{A4AD9100-9025-4386-A680-BF1F9E665E8F}.Ad-Hoc|Any CPU.ActiveCfg = Release|x64
		{A4AD9100-9025-4386-A680-BF1F9E665E8F}.Ad-Hoc|Any CPU.Build.0 = Release|x64
		{A4AD9100-9025-4386-A680-BF1F9E665E8F}.Ad-Hoc|Any CPU.Deploy.0 = Release|x64
		{A4AD9100-9025-4386-A680-BF1F9E665E8F}.Ad-Hoc|ARM.ActiveCfg = Release|ARM
		{A4AD9100-9025-4386-A680-BF1F9E665E8F}.Ad-Hoc|ARM.Build.0 = Release|ARM
		{A4AD9100-9025-4386-A680-BF1F9E665E8F}.Ad-Hoc|ARM.Deploy.0 = Release|ARM
		{A4AD9100-9025-4386-A680-BF1F9E665E8F}.Ad-Hoc|iPhone.ActiveCfg = Release|x64
		{A4AD9100-9025-4386-A680-BF1F9E665E8F}.Ad-Hoc|iPhone.Build.0 = Release|x64
		{A4AD9100-9025-4386-A680-BF1F9E665E8F}.Ad-Hoc|iPhone.Deploy.0 = Release|x64
		{A4AD9100-9025-4386-A680-BF1F9E665E8F}.Ad-Hoc|iPhoneSimulator.ActiveCfg = Release|x64
		{A4AD9100-9025-4386-A680-BF1F9E665E8F}.Ad-Hoc|iPhoneSimulator.Build.0 = Release|x64
		{A4AD9100-9025-4386-A680-BF1F9E665E8F}.Ad-Hoc|iPhoneSimulator.Deploy.0 = Release|x64
		{A4AD9100-9025-4386-A680-BF1F9E665E8F}.Ad-Hoc|x64.ActiveCfg = Release|x64
		{A4AD9100-9025-4386-A680-BF1F9E665E8F}.Ad-Hoc|x64.Build.0 = Release|x64
		{A4AD9100-9025-4386-A680-BF1F9E665E8F}.Ad-Hoc|x64.Deploy.0 = Release|x64
		{A4AD9100-9025-4386-A680-BF1F9E665E8F}.Ad-Hoc|x86.ActiveCfg = Release|x86
		{A4AD9100-9025-4386-A680-BF1F9E665E8F}.Ad-Hoc|x86.Build.0 = Release|x86
		{A4AD9100-9025-4386-A680-BF1F9E665E8F}.Ad-Hoc|x86.Deploy.0 = Release|x86
		{A4AD9100-9025-4386-A680-BF1F9E665E8F}.AppStore|Any CPU.ActiveCfg = Release|x64
		{A4AD9100-9025-4386-A680-BF1F9E665E8F}.AppStore|Any CPU.Build.0 = Release|x64
		{A4AD9100-9025-4386-A680-BF1F9E665E8F}.AppStore|Any CPU.Deploy.0 = Release|x64
		{A4AD9100-9025-4386-A680-BF1F9E665E8F}.AppStore|ARM.ActiveCfg = Release|ARM
		{A4AD9100-9025-4386-A680-BF1F9E665E8F}.AppStore|ARM.Build.0 = Release|ARM
		{A4AD9100-9025-4386-A680-BF1F9E665E8F}.AppStore|ARM.Deploy.0 = Release|ARM
		{A4AD9100-9025-4386-A680-BF1F9E665E8F}.AppStore|iPhone.ActiveCfg = Release|x64
		{A4AD9100-9025-4386-A680-BF1F9E665E8F}.AppStore|iPhone.Build.0 = Release|x64
		{A4AD9100-9025-4386-A680-BF1F9E665E8F}.AppStore|iPhone.Deploy.0 = Release|x64
		{A4AD9100-9025-4386-A680-BF1F9E665E8F}.AppStore|iPhoneSimulator.ActiveCfg = Release|x64
		{A4AD9100-9025-4386-A680-BF1F9E665E8F}.AppStore|iPhoneSimulator.Build.0 = Release|x64
		{A4AD9100-9025-4386-A680-BF1F9E665E8F}.AppStore|iPhoneSimulator.Deploy.0 = Release|x64
		{A4AD9100-9025-4386-A680-BF1F9E665E8F}.AppStore|x64.ActiveCfg = Release|x64
		{A4AD9100-9025-4386-A680-BF1F9E665E8F}.AppStore|x64.Build.0 = Release|x64
		{A4AD9100-9025-4386-A680-BF1F9E665E8F}.AppStore|x64.Deploy.0 = Release|x64
		{A4AD9100-9025-4386-A680-BF1F9E665E8F}.AppStore|x86.ActiveCfg = Release|x86
		{A4AD9100-9025-4386-A680-BF1F9E665E8F}.AppStore|x86.Build.0 = Release|x86
		{A4AD9100-9025-4386-A680-BF1F9E665E8F}.AppStore|x86.Deploy.0 = Release|x86
		{A4AD9100-9025-4386-A680-BF1F9E665E8F}.Debug|Any CPU.ActiveCfg = Debug|x86
		{A4AD9100-9025-4386-A680-BF1F9E665E8F}.Debug|Any CPU.Build.0 = Debug|x86
		{A4AD9100-9025-4386-A680-BF1F9E665E8F}.Debug|ARM.ActiveCfg = Debug|ARM
		{A4AD9100-9025-4386-A680-BF1F9E665E8F}.Debug|ARM.Build.0 = Debug|ARM
		{A4AD9100-9025-4386-A680-BF1F9E665E8F}.Debug|ARM.Deploy.0 = Debug|ARM
		{A4AD9100-9025-4386-A680-BF1F9E665E8F}.Debug|iPhone.ActiveCfg = Debug|x86
		{A4AD9100-9025-4386-A680-BF1F9E665E8F}.Debug|iPhoneSimulator.ActiveCfg = Debug|x86
		{A4AD9100-9025-4386-A680-BF1F9E665E8F}.Debug|x64.ActiveCfg = Debug|x64
		{A4AD9100-9025-4386-A680-BF1F9E665E8F}.Debug|x64.Build.0 = Debug|x64
		{A4AD9100-9025-4386-A680-BF1F9E665E8F}.Debug|x64.Deploy.0 = Debug|x64
		{A4AD9100-9025-4386-A680-BF1F9E665E8F}.Debug|x86.ActiveCfg = Debug|x86
		{A4AD9100-9025-4386-A680-BF1F9E665E8F}.Debug|x86.Build.0 = Debug|x86
		{A4AD9100-9025-4386-A680-BF1F9E665E8F}.Debug|x86.Deploy.0 = Debug|x86
		{A4AD9100-9025-4386-A680-BF1F9E665E8F}.Release|Any CPU.ActiveCfg = Release|x86
		{A4AD9100-9025-4386-A680-BF1F9E665E8F}.Release|ARM.ActiveCfg = Release|ARM
		{A4AD9100-9025-4386-A680-BF1F9E665E8F}.Release|ARM.Build.0 = Release|ARM
		{A4AD9100-9025-4386-A680-BF1F9E665E8F}.Release|ARM.Deploy.0 = Release|ARM
		{A4AD9100-9025-4386-A680-BF1F9E665E8F}.Release|iPhone.ActiveCfg = Release|x86
		{A4AD9100-9025-4386-A680-BF1F9E665E8F}.Release|iPhoneSimulator.ActiveCfg = Release|x86
		{A4AD9100-9025-4386-A680-BF1F9E665E8F}.Release|x64.ActiveCfg = Release|x64
		{A4AD9100-9025-4386-A680-BF1F9E665E8F}.Release|x64.Build.0 = Release|x64
		{A4AD9100-9025-4386-A680-BF1F9E665E8F}.Release|x64.Deploy.0 = Release|x64
		{A4AD9100-9025-4386-A680-BF1F9E665E8F}.Release|x86.ActiveCfg = Release|x86
		{A4AD9100-9025-4386-A680-BF1F9E665E8F}.Release|x86.Build.0 = Release|x86
		{A4AD9100-9025-4386-A680-BF1F9E665E8F}.Release|x86.Deploy.0 = Release|x86
		{5416DF3A-334A-48C9-9A49-30FDC52E2483}.Ad-Hoc|Any CPU.ActiveCfg = Release|Any CPU
		{5416DF3A-334A-48C9-9A49-30FDC52E2483}.Ad-Hoc|Any CPU.Build.0 = Release|Any CPU
		{5416DF3A-334A-48C9-9A49-30FDC52E2483}.Ad-Hoc|ARM.ActiveCfg = Release|Any CPU
		{5416DF3A-334A-48C9-9A49-30FDC52E2483}.Ad-Hoc|ARM.Build.0 = Release|Any CPU
		{5416DF3A-334A-48C9-9A49-30FDC52E2483}.Ad-Hoc|iPhone.ActiveCfg = Release|Any CPU
		{5416DF3A-334A-48C9-9A49-30FDC52E2483}.Ad-Hoc|iPhone.Build.0 = Release|Any CPU
		{5416DF3A-334A-48C9-9A49-30FDC52E2483}.Ad-Hoc|iPhoneSimulator.ActiveCfg = Release|Any CPU
		{5416DF3A-334A-48C9-9A49-30FDC52E2483}.Ad-Hoc|iPhoneSimulator.Build.0 = Release|Any CPU
		{5416DF3A-334A-48C9-9A49-30FDC52E2483}.Ad-Hoc|x64.ActiveCfg = Release|Any CPU
		{5416DF3A-334A-48C9-9A49-30FDC52E2483}.Ad-Hoc|x64.Build.0 = Release|Any CPU
		{5416DF3A-334A-48C9-9A49-30FDC52E2483}.Ad-Hoc|x86.ActiveCfg = Release|Any CPU
		{5416DF3A-334A-48C9-9A49-30FDC52E2483}.Ad-Hoc|x86.Build.0 = Release|Any CPU
		{5416DF3A-334A-48C9-9A49-30FDC52E2483}.AppStore|Any CPU.ActiveCfg = Release|Any CPU
		{5416DF3A-334A-48C9-9A49-30FDC52E2483}.AppStore|Any CPU.Build.0 = Release|Any CPU
		{5416DF3A-334A-48C9-9A49-30FDC52E2483}.AppStore|ARM.ActiveCfg = Release|Any CPU
		{5416DF3A-334A-48C9-9A49-30FDC52E2483}.AppStore|ARM.Build.0 = Release|Any CPU
		{5416DF3A-334A-48C9-9A49-30FDC52E2483}.AppStore|iPhone.ActiveCfg = Release|Any CPU
		{5416DF3A-334A-48C9-9A49-30FDC52E2483}.AppStore|iPhone.Build.0 = Release|Any CPU
		{5416DF3A-334A-48C9-9A49-30FDC52E2483}.AppStore|iPhoneSimulator.ActiveCfg = Release|Any CPU
		{5416DF3A-334A-48C9-9A49-30FDC52E2483}.AppStore|iPhoneSimulator.Build.0 = Release|Any CPU
		{5416DF3A-334A-48C9-9A49-30FDC52E2483}.AppStore|x64.ActiveCfg = Release|Any CPU
		{5416DF3A-334A-48C9-9A49-30FDC52E2483}.AppStore|x64.Build.0 = Release|Any CPU
		{5416DF3A-334A-48C9-9A49-30FDC52E2483}.AppStore|x86.ActiveCfg = Release|Any CPU
		{5416DF3A-334A-48C9-9A49-30FDC52E2483}.AppStore|x86.Build.0 = Release|Any CPU
		{5416DF3A-334A-48C9-9A49-30FDC52E2483}.Debug|Any CPU.ActiveCfg = Debug|Any CPU
		{5416DF3A-334A-48C9-9A49-30FDC52E2483}.Debug|Any CPU.Build.0 = Debug|Any CPU
		{5416DF3A-334A-48C9-9A49-30FDC52E2483}.Debug|ARM.ActiveCfg = Debug|Any CPU
		{5416DF3A-334A-48C9-9A49-30FDC52E2483}.Debug|ARM.Build.0 = Debug|Any CPU
		{5416DF3A-334A-48C9-9A49-30FDC52E2483}.Debug|iPhone.ActiveCfg = Debug|Any CPU
		{5416DF3A-334A-48C9-9A49-30FDC52E2483}.Debug|iPhone.Build.0 = Debug|Any CPU
		{5416DF3A-334A-48C9-9A49-30FDC52E2483}.Debug|iPhoneSimulator.ActiveCfg = Debug|Any CPU
		{5416DF3A-334A-48C9-9A49-30FDC52E2483}.Debug|iPhoneSimulator.Build.0 = Debug|Any CPU
		{5416DF3A-334A-48C9-9A49-30FDC52E2483}.Debug|x64.ActiveCfg = Debug|Any CPU
		{5416DF3A-334A-48C9-9A49-30FDC52E2483}.Debug|x64.Build.0 = Debug|Any CPU
		{5416DF3A-334A-48C9-9A49-30FDC52E2483}.Debug|x86.ActiveCfg = Debug|Any CPU
		{5416DF3A-334A-48C9-9A49-30FDC52E2483}.Debug|x86.Build.0 = Debug|Any CPU
		{5416DF3A-334A-48C9-9A49-30FDC52E2483}.Release|Any CPU.ActiveCfg = Release|Any CPU
		{5416DF3A-334A-48C9-9A49-30FDC52E2483}.Release|Any CPU.Build.0 = Release|Any CPU
		{5416DF3A-334A-48C9-9A49-30FDC52E2483}.Release|ARM.ActiveCfg = Release|Any CPU
		{5416DF3A-334A-48C9-9A49-30FDC52E2483}.Release|ARM.Build.0 = Release|Any CPU
		{5416DF3A-334A-48C9-9A49-30FDC52E2483}.Release|iPhone.ActiveCfg = Release|Any CPU
		{5416DF3A-334A-48C9-9A49-30FDC52E2483}.Release|iPhone.Build.0 = Release|Any CPU
		{5416DF3A-334A-48C9-9A49-30FDC52E2483}.Release|iPhoneSimulator.ActiveCfg = Release|Any CPU
		{5416DF3A-334A-48C9-9A49-30FDC52E2483}.Release|iPhoneSimulator.Build.0 = Release|Any CPU
		{5416DF3A-334A-48C9-9A49-30FDC52E2483}.Release|x64.ActiveCfg = Release|Any CPU
		{5416DF3A-334A-48C9-9A49-30FDC52E2483}.Release|x64.Build.0 = Release|Any CPU
		{5416DF3A-334A-48C9-9A49-30FDC52E2483}.Release|x86.ActiveCfg = Release|Any CPU
		{5416DF3A-334A-48C9-9A49-30FDC52E2483}.Release|x86.Build.0 = Release|Any CPU
		{42BCE3FD-05B7-45D2-9052-37EB096B9382}.Ad-Hoc|Any CPU.ActiveCfg = Release|Any CPU
		{42BCE3FD-05B7-45D2-9052-37EB096B9382}.Ad-Hoc|Any CPU.Build.0 = Release|Any CPU
		{42BCE3FD-05B7-45D2-9052-37EB096B9382}.Ad-Hoc|ARM.ActiveCfg = Release|Any CPU
		{42BCE3FD-05B7-45D2-9052-37EB096B9382}.Ad-Hoc|ARM.Build.0 = Release|Any CPU
		{42BCE3FD-05B7-45D2-9052-37EB096B9382}.Ad-Hoc|iPhone.ActiveCfg = Release|Any CPU
		{42BCE3FD-05B7-45D2-9052-37EB096B9382}.Ad-Hoc|iPhone.Build.0 = Release|Any CPU
		{42BCE3FD-05B7-45D2-9052-37EB096B9382}.Ad-Hoc|iPhoneSimulator.ActiveCfg = Release|Any CPU
		{42BCE3FD-05B7-45D2-9052-37EB096B9382}.Ad-Hoc|iPhoneSimulator.Build.0 = Release|Any CPU
		{42BCE3FD-05B7-45D2-9052-37EB096B9382}.Ad-Hoc|x64.ActiveCfg = Release|Any CPU
		{42BCE3FD-05B7-45D2-9052-37EB096B9382}.Ad-Hoc|x64.Build.0 = Release|Any CPU
		{42BCE3FD-05B7-45D2-9052-37EB096B9382}.Ad-Hoc|x86.ActiveCfg = Release|Any CPU
		{42BCE3FD-05B7-45D2-9052-37EB096B9382}.Ad-Hoc|x86.Build.0 = Release|Any CPU
		{42BCE3FD-05B7-45D2-9052-37EB096B9382}.AppStore|Any CPU.ActiveCfg = Release|Any CPU
		{42BCE3FD-05B7-45D2-9052-37EB096B9382}.AppStore|Any CPU.Build.0 = Release|Any CPU
		{42BCE3FD-05B7-45D2-9052-37EB096B9382}.AppStore|ARM.ActiveCfg = Release|Any CPU
		{42BCE3FD-05B7-45D2-9052-37EB096B9382}.AppStore|ARM.Build.0 = Release|Any CPU
		{42BCE3FD-05B7-45D2-9052-37EB096B9382}.AppStore|iPhone.ActiveCfg = Release|Any CPU
		{42BCE3FD-05B7-45D2-9052-37EB096B9382}.AppStore|iPhone.Build.0 = Release|Any CPU
		{42BCE3FD-05B7-45D2-9052-37EB096B9382}.AppStore|iPhoneSimulator.ActiveCfg = Release|Any CPU
		{42BCE3FD-05B7-45D2-9052-37EB096B9382}.AppStore|iPhoneSimulator.Build.0 = Release|Any CPU
		{42BCE3FD-05B7-45D2-9052-37EB096B9382}.AppStore|x64.ActiveCfg = Release|Any CPU
		{42BCE3FD-05B7-45D2-9052-37EB096B9382}.AppStore|x64.Build.0 = Release|Any CPU
		{42BCE3FD-05B7-45D2-9052-37EB096B9382}.AppStore|x86.ActiveCfg = Release|Any CPU
		{42BCE3FD-05B7-45D2-9052-37EB096B9382}.AppStore|x86.Build.0 = Release|Any CPU
		{42BCE3FD-05B7-45D2-9052-37EB096B9382}.Debug|Any CPU.ActiveCfg = Debug|Any CPU
		{42BCE3FD-05B7-45D2-9052-37EB096B9382}.Debug|Any CPU.Build.0 = Debug|Any CPU
		{42BCE3FD-05B7-45D2-9052-37EB096B9382}.Debug|ARM.ActiveCfg = Debug|Any CPU
		{42BCE3FD-05B7-45D2-9052-37EB096B9382}.Debug|ARM.Build.0 = Debug|Any CPU
		{42BCE3FD-05B7-45D2-9052-37EB096B9382}.Debug|iPhone.ActiveCfg = Debug|Any CPU
		{42BCE3FD-05B7-45D2-9052-37EB096B9382}.Debug|iPhone.Build.0 = Debug|Any CPU
		{42BCE3FD-05B7-45D2-9052-37EB096B9382}.Debug|iPhoneSimulator.ActiveCfg = Debug|Any CPU
		{42BCE3FD-05B7-45D2-9052-37EB096B9382}.Debug|iPhoneSimulator.Build.0 = Debug|Any CPU
		{42BCE3FD-05B7-45D2-9052-37EB096B9382}.Debug|x64.ActiveCfg = Debug|Any CPU
		{42BCE3FD-05B7-45D2-9052-37EB096B9382}.Debug|x64.Build.0 = Debug|Any CPU
		{42BCE3FD-05B7-45D2-9052-37EB096B9382}.Debug|x86.ActiveCfg = Debug|Any CPU
		{42BCE3FD-05B7-45D2-9052-37EB096B9382}.Debug|x86.Build.0 = Debug|Any CPU
		{42BCE3FD-05B7-45D2-9052-37EB096B9382}.Release|Any CPU.ActiveCfg = Release|Any CPU
		{42BCE3FD-05B7-45D2-9052-37EB096B9382}.Release|Any CPU.Build.0 = Release|Any CPU
		{42BCE3FD-05B7-45D2-9052-37EB096B9382}.Release|ARM.ActiveCfg = Release|Any CPU
		{42BCE3FD-05B7-45D2-9052-37EB096B9382}.Release|ARM.Build.0 = Release|Any CPU
		{42BCE3FD-05B7-45D2-9052-37EB096B9382}.Release|iPhone.ActiveCfg = Release|Any CPU
		{42BCE3FD-05B7-45D2-9052-37EB096B9382}.Release|iPhone.Build.0 = Release|Any CPU
		{42BCE3FD-05B7-45D2-9052-37EB096B9382}.Release|iPhoneSimulator.ActiveCfg = Release|Any CPU
		{42BCE3FD-05B7-45D2-9052-37EB096B9382}.Release|iPhoneSimulator.Build.0 = Release|Any CPU
		{42BCE3FD-05B7-45D2-9052-37EB096B9382}.Release|x64.ActiveCfg = Release|Any CPU
		{42BCE3FD-05B7-45D2-9052-37EB096B9382}.Release|x64.Build.0 = Release|Any CPU
		{42BCE3FD-05B7-45D2-9052-37EB096B9382}.Release|x86.ActiveCfg = Release|Any CPU
		{42BCE3FD-05B7-45D2-9052-37EB096B9382}.Release|x86.Build.0 = Release|Any CPU
		{295A132E-B584-40F4-A3FA-7DE25C2F80FE}.Ad-Hoc|Any CPU.ActiveCfg = Debug|Any CPU
		{295A132E-B584-40F4-A3FA-7DE25C2F80FE}.Ad-Hoc|Any CPU.Build.0 = Debug|Any CPU
		{295A132E-B584-40F4-A3FA-7DE25C2F80FE}.Ad-Hoc|ARM.ActiveCfg = Debug|Any CPU
		{295A132E-B584-40F4-A3FA-7DE25C2F80FE}.Ad-Hoc|ARM.Build.0 = Debug|Any CPU
		{295A132E-B584-40F4-A3FA-7DE25C2F80FE}.Ad-Hoc|iPhone.ActiveCfg = Debug|Any CPU
		{295A132E-B584-40F4-A3FA-7DE25C2F80FE}.Ad-Hoc|iPhone.Build.0 = Debug|Any CPU
		{295A132E-B584-40F4-A3FA-7DE25C2F80FE}.Ad-Hoc|iPhoneSimulator.ActiveCfg = Debug|Any CPU
		{295A132E-B584-40F4-A3FA-7DE25C2F80FE}.Ad-Hoc|iPhoneSimulator.Build.0 = Debug|Any CPU
		{295A132E-B584-40F4-A3FA-7DE25C2F80FE}.Ad-Hoc|x64.ActiveCfg = Debug|Any CPU
		{295A132E-B584-40F4-A3FA-7DE25C2F80FE}.Ad-Hoc|x64.Build.0 = Debug|Any CPU
		{295A132E-B584-40F4-A3FA-7DE25C2F80FE}.Ad-Hoc|x86.ActiveCfg = Debug|Any CPU
		{295A132E-B584-40F4-A3FA-7DE25C2F80FE}.Ad-Hoc|x86.Build.0 = Debug|Any CPU
		{295A132E-B584-40F4-A3FA-7DE25C2F80FE}.AppStore|Any CPU.ActiveCfg = Debug|Any CPU
		{295A132E-B584-40F4-A3FA-7DE25C2F80FE}.AppStore|Any CPU.Build.0 = Debug|Any CPU
		{295A132E-B584-40F4-A3FA-7DE25C2F80FE}.AppStore|ARM.ActiveCfg = Debug|Any CPU
		{295A132E-B584-40F4-A3FA-7DE25C2F80FE}.AppStore|ARM.Build.0 = Debug|Any CPU
		{295A132E-B584-40F4-A3FA-7DE25C2F80FE}.AppStore|iPhone.ActiveCfg = Debug|Any CPU
		{295A132E-B584-40F4-A3FA-7DE25C2F80FE}.AppStore|iPhone.Build.0 = Debug|Any CPU
		{295A132E-B584-40F4-A3FA-7DE25C2F80FE}.AppStore|iPhoneSimulator.ActiveCfg = Debug|Any CPU
		{295A132E-B584-40F4-A3FA-7DE25C2F80FE}.AppStore|iPhoneSimulator.Build.0 = Debug|Any CPU
		{295A132E-B584-40F4-A3FA-7DE25C2F80FE}.AppStore|x64.ActiveCfg = Debug|Any CPU
		{295A132E-B584-40F4-A3FA-7DE25C2F80FE}.AppStore|x64.Build.0 = Debug|Any CPU
		{295A132E-B584-40F4-A3FA-7DE25C2F80FE}.AppStore|x86.ActiveCfg = Debug|Any CPU
		{295A132E-B584-40F4-A3FA-7DE25C2F80FE}.AppStore|x86.Build.0 = Debug|Any CPU
		{295A132E-B584-40F4-A3FA-7DE25C2F80FE}.Debug|Any CPU.ActiveCfg = Debug|Any CPU
		{295A132E-B584-40F4-A3FA-7DE25C2F80FE}.Debug|Any CPU.Build.0 = Debug|Any CPU
		{295A132E-B584-40F4-A3FA-7DE25C2F80FE}.Debug|ARM.ActiveCfg = Debug|Any CPU
		{295A132E-B584-40F4-A3FA-7DE25C2F80FE}.Debug|ARM.Build.0 = Debug|Any CPU
		{295A132E-B584-40F4-A3FA-7DE25C2F80FE}.Debug|iPhone.ActiveCfg = Debug|Any CPU
		{295A132E-B584-40F4-A3FA-7DE25C2F80FE}.Debug|iPhone.Build.0 = Debug|Any CPU
		{295A132E-B584-40F4-A3FA-7DE25C2F80FE}.Debug|iPhoneSimulator.ActiveCfg = Debug|Any CPU
		{295A132E-B584-40F4-A3FA-7DE25C2F80FE}.Debug|iPhoneSimulator.Build.0 = Debug|Any CPU
		{295A132E-B584-40F4-A3FA-7DE25C2F80FE}.Debug|x64.ActiveCfg = Debug|Any CPU
		{295A132E-B584-40F4-A3FA-7DE25C2F80FE}.Debug|x64.Build.0 = Debug|Any CPU
		{295A132E-B584-40F4-A3FA-7DE25C2F80FE}.Debug|x86.ActiveCfg = Debug|Any CPU
		{295A132E-B584-40F4-A3FA-7DE25C2F80FE}.Debug|x86.Build.0 = Debug|Any CPU
		{295A132E-B584-40F4-A3FA-7DE25C2F80FE}.Release|Any CPU.ActiveCfg = Release|Any CPU
		{295A132E-B584-40F4-A3FA-7DE25C2F80FE}.Release|Any CPU.Build.0 = Release|Any CPU
		{295A132E-B584-40F4-A3FA-7DE25C2F80FE}.Release|ARM.ActiveCfg = Release|Any CPU
		{295A132E-B584-40F4-A3FA-7DE25C2F80FE}.Release|ARM.Build.0 = Release|Any CPU
		{295A132E-B584-40F4-A3FA-7DE25C2F80FE}.Release|iPhone.ActiveCfg = Release|Any CPU
		{295A132E-B584-40F4-A3FA-7DE25C2F80FE}.Release|iPhone.Build.0 = Release|Any CPU
		{295A132E-B584-40F4-A3FA-7DE25C2F80FE}.Release|iPhoneSimulator.ActiveCfg = Release|Any CPU
		{295A132E-B584-40F4-A3FA-7DE25C2F80FE}.Release|iPhoneSimulator.Build.0 = Release|Any CPU
		{295A132E-B584-40F4-A3FA-7DE25C2F80FE}.Release|x64.ActiveCfg = Release|Any CPU
		{295A132E-B584-40F4-A3FA-7DE25C2F80FE}.Release|x64.Build.0 = Release|Any CPU
		{295A132E-B584-40F4-A3FA-7DE25C2F80FE}.Release|x86.ActiveCfg = Release|Any CPU
		{295A132E-B584-40F4-A3FA-7DE25C2F80FE}.Release|x86.Build.0 = Release|Any CPU
		{9286CEA6-23BF-48E1-ADC8-088A476290DA}.Ad-Hoc|Any CPU.ActiveCfg = Debug|Any CPU
		{9286CEA6-23BF-48E1-ADC8-088A476290DA}.Ad-Hoc|Any CPU.Build.0 = Debug|Any CPU
		{9286CEA6-23BF-48E1-ADC8-088A476290DA}.Ad-Hoc|ARM.ActiveCfg = Debug|Any CPU
		{9286CEA6-23BF-48E1-ADC8-088A476290DA}.Ad-Hoc|ARM.Build.0 = Debug|Any CPU
		{9286CEA6-23BF-48E1-ADC8-088A476290DA}.Ad-Hoc|iPhone.ActiveCfg = Debug|Any CPU
		{9286CEA6-23BF-48E1-ADC8-088A476290DA}.Ad-Hoc|iPhone.Build.0 = Debug|Any CPU
		{9286CEA6-23BF-48E1-ADC8-088A476290DA}.Ad-Hoc|iPhoneSimulator.ActiveCfg = Debug|Any CPU
		{9286CEA6-23BF-48E1-ADC8-088A476290DA}.Ad-Hoc|iPhoneSimulator.Build.0 = Debug|Any CPU
		{9286CEA6-23BF-48E1-ADC8-088A476290DA}.Ad-Hoc|x64.ActiveCfg = Debug|Any CPU
		{9286CEA6-23BF-48E1-ADC8-088A476290DA}.Ad-Hoc|x64.Build.0 = Debug|Any CPU
		{9286CEA6-23BF-48E1-ADC8-088A476290DA}.Ad-Hoc|x86.ActiveCfg = Debug|Any CPU
		{9286CEA6-23BF-48E1-ADC8-088A476290DA}.Ad-Hoc|x86.Build.0 = Debug|Any CPU
		{9286CEA6-23BF-48E1-ADC8-088A476290DA}.AppStore|Any CPU.ActiveCfg = Debug|Any CPU
		{9286CEA6-23BF-48E1-ADC8-088A476290DA}.AppStore|Any CPU.Build.0 = Debug|Any CPU
		{9286CEA6-23BF-48E1-ADC8-088A476290DA}.AppStore|ARM.ActiveCfg = Debug|Any CPU
		{9286CEA6-23BF-48E1-ADC8-088A476290DA}.AppStore|ARM.Build.0 = Debug|Any CPU
		{9286CEA6-23BF-48E1-ADC8-088A476290DA}.AppStore|iPhone.ActiveCfg = Debug|Any CPU
		{9286CEA6-23BF-48E1-ADC8-088A476290DA}.AppStore|iPhone.Build.0 = Debug|Any CPU
		{9286CEA6-23BF-48E1-ADC8-088A476290DA}.AppStore|iPhoneSimulator.ActiveCfg = Debug|Any CPU
		{9286CEA6-23BF-48E1-ADC8-088A476290DA}.AppStore|iPhoneSimulator.Build.0 = Debug|Any CPU
		{9286CEA6-23BF-48E1-ADC8-088A476290DA}.AppStore|x64.ActiveCfg = Debug|Any CPU
		{9286CEA6-23BF-48E1-ADC8-088A476290DA}.AppStore|x64.Build.0 = Debug|Any CPU
		{9286CEA6-23BF-48E1-ADC8-088A476290DA}.AppStore|x86.ActiveCfg = Debug|Any CPU
		{9286CEA6-23BF-48E1-ADC8-088A476290DA}.AppStore|x86.Build.0 = Debug|Any CPU
		{9286CEA6-23BF-48E1-ADC8-088A476290DA}.Debug|Any CPU.ActiveCfg = Debug|Any CPU
		{9286CEA6-23BF-48E1-ADC8-088A476290DA}.Debug|Any CPU.Build.0 = Debug|Any CPU
		{9286CEA6-23BF-48E1-ADC8-088A476290DA}.Debug|ARM.ActiveCfg = Debug|Any CPU
		{9286CEA6-23BF-48E1-ADC8-088A476290DA}.Debug|ARM.Build.0 = Debug|Any CPU
		{9286CEA6-23BF-48E1-ADC8-088A476290DA}.Debug|iPhone.ActiveCfg = Debug|Any CPU
		{9286CEA6-23BF-48E1-ADC8-088A476290DA}.Debug|iPhone.Build.0 = Debug|Any CPU
		{9286CEA6-23BF-48E1-ADC8-088A476290DA}.Debug|iPhoneSimulator.ActiveCfg = Debug|Any CPU
		{9286CEA6-23BF-48E1-ADC8-088A476290DA}.Debug|iPhoneSimulator.Build.0 = Debug|Any CPU
		{9286CEA6-23BF-48E1-ADC8-088A476290DA}.Debug|x64.ActiveCfg = Debug|Any CPU
		{9286CEA6-23BF-48E1-ADC8-088A476290DA}.Debug|x64.Build.0 = Debug|Any CPU
		{9286CEA6-23BF-48E1-ADC8-088A476290DA}.Debug|x86.ActiveCfg = Debug|Any CPU
		{9286CEA6-23BF-48E1-ADC8-088A476290DA}.Debug|x86.Build.0 = Debug|Any CPU
		{9286CEA6-23BF-48E1-ADC8-088A476290DA}.Release|Any CPU.ActiveCfg = Release|Any CPU
		{9286CEA6-23BF-48E1-ADC8-088A476290DA}.Release|Any CPU.Build.0 = Release|Any CPU
		{9286CEA6-23BF-48E1-ADC8-088A476290DA}.Release|ARM.ActiveCfg = Release|Any CPU
		{9286CEA6-23BF-48E1-ADC8-088A476290DA}.Release|ARM.Build.0 = Release|Any CPU
		{9286CEA6-23BF-48E1-ADC8-088A476290DA}.Release|iPhone.ActiveCfg = Release|Any CPU
		{9286CEA6-23BF-48E1-ADC8-088A476290DA}.Release|iPhone.Build.0 = Release|Any CPU
		{9286CEA6-23BF-48E1-ADC8-088A476290DA}.Release|iPhoneSimulator.ActiveCfg = Release|Any CPU
		{9286CEA6-23BF-48E1-ADC8-088A476290DA}.Release|iPhoneSimulator.Build.0 = Release|Any CPU
		{9286CEA6-23BF-48E1-ADC8-088A476290DA}.Release|x64.ActiveCfg = Release|Any CPU
		{9286CEA6-23BF-48E1-ADC8-088A476290DA}.Release|x64.Build.0 = Release|Any CPU
		{9286CEA6-23BF-48E1-ADC8-088A476290DA}.Release|x86.ActiveCfg = Release|Any CPU
		{9286CEA6-23BF-48E1-ADC8-088A476290DA}.Release|x86.Build.0 = Release|Any CPU
		{24C964D3-3B3C-4CC9-8523-94200B90F2B6}.Ad-Hoc|Any CPU.ActiveCfg = Debug|Any CPU
		{24C964D3-3B3C-4CC9-8523-94200B90F2B6}.Ad-Hoc|Any CPU.Build.0 = Debug|Any CPU
		{24C964D3-3B3C-4CC9-8523-94200B90F2B6}.Ad-Hoc|ARM.ActiveCfg = Debug|Any CPU
		{24C964D3-3B3C-4CC9-8523-94200B90F2B6}.Ad-Hoc|ARM.Build.0 = Debug|Any CPU
		{24C964D3-3B3C-4CC9-8523-94200B90F2B6}.Ad-Hoc|iPhone.ActiveCfg = Debug|Any CPU
		{24C964D3-3B3C-4CC9-8523-94200B90F2B6}.Ad-Hoc|iPhone.Build.0 = Debug|Any CPU
		{24C964D3-3B3C-4CC9-8523-94200B90F2B6}.Ad-Hoc|iPhoneSimulator.ActiveCfg = Debug|Any CPU
		{24C964D3-3B3C-4CC9-8523-94200B90F2B6}.Ad-Hoc|iPhoneSimulator.Build.0 = Debug|Any CPU
		{24C964D3-3B3C-4CC9-8523-94200B90F2B6}.Ad-Hoc|x64.ActiveCfg = Debug|Any CPU
		{24C964D3-3B3C-4CC9-8523-94200B90F2B6}.Ad-Hoc|x64.Build.0 = Debug|Any CPU
		{24C964D3-3B3C-4CC9-8523-94200B90F2B6}.Ad-Hoc|x86.ActiveCfg = Debug|Any CPU
		{24C964D3-3B3C-4CC9-8523-94200B90F2B6}.Ad-Hoc|x86.Build.0 = Debug|Any CPU
		{24C964D3-3B3C-4CC9-8523-94200B90F2B6}.AppStore|Any CPU.ActiveCfg = Debug|Any CPU
		{24C964D3-3B3C-4CC9-8523-94200B90F2B6}.AppStore|Any CPU.Build.0 = Debug|Any CPU
		{24C964D3-3B3C-4CC9-8523-94200B90F2B6}.AppStore|ARM.ActiveCfg = Debug|Any CPU
		{24C964D3-3B3C-4CC9-8523-94200B90F2B6}.AppStore|ARM.Build.0 = Debug|Any CPU
		{24C964D3-3B3C-4CC9-8523-94200B90F2B6}.AppStore|iPhone.ActiveCfg = Debug|Any CPU
		{24C964D3-3B3C-4CC9-8523-94200B90F2B6}.AppStore|iPhone.Build.0 = Debug|Any CPU
		{24C964D3-3B3C-4CC9-8523-94200B90F2B6}.AppStore|iPhoneSimulator.ActiveCfg = Debug|Any CPU
		{24C964D3-3B3C-4CC9-8523-94200B90F2B6}.AppStore|iPhoneSimulator.Build.0 = Debug|Any CPU
		{24C964D3-3B3C-4CC9-8523-94200B90F2B6}.AppStore|x64.ActiveCfg = Debug|Any CPU
		{24C964D3-3B3C-4CC9-8523-94200B90F2B6}.AppStore|x64.Build.0 = Debug|Any CPU
		{24C964D3-3B3C-4CC9-8523-94200B90F2B6}.AppStore|x86.ActiveCfg = Debug|Any CPU
		{24C964D3-3B3C-4CC9-8523-94200B90F2B6}.AppStore|x86.Build.0 = Debug|Any CPU
		{24C964D3-3B3C-4CC9-8523-94200B90F2B6}.Debug|Any CPU.ActiveCfg = Debug|Any CPU
		{24C964D3-3B3C-4CC9-8523-94200B90F2B6}.Debug|Any CPU.Build.0 = Debug|Any CPU
		{24C964D3-3B3C-4CC9-8523-94200B90F2B6}.Debug|ARM.ActiveCfg = Debug|Any CPU
		{24C964D3-3B3C-4CC9-8523-94200B90F2B6}.Debug|ARM.Build.0 = Debug|Any CPU
		{24C964D3-3B3C-4CC9-8523-94200B90F2B6}.Debug|iPhone.ActiveCfg = Debug|Any CPU
		{24C964D3-3B3C-4CC9-8523-94200B90F2B6}.Debug|iPhone.Build.0 = Debug|Any CPU
		{24C964D3-3B3C-4CC9-8523-94200B90F2B6}.Debug|iPhoneSimulator.ActiveCfg = Debug|Any CPU
		{24C964D3-3B3C-4CC9-8523-94200B90F2B6}.Debug|iPhoneSimulator.Build.0 = Debug|Any CPU
		{24C964D3-3B3C-4CC9-8523-94200B90F2B6}.Debug|x64.ActiveCfg = Debug|Any CPU
		{24C964D3-3B3C-4CC9-8523-94200B90F2B6}.Debug|x64.Build.0 = Debug|Any CPU
		{24C964D3-3B3C-4CC9-8523-94200B90F2B6}.Debug|x86.ActiveCfg = Debug|Any CPU
		{24C964D3-3B3C-4CC9-8523-94200B90F2B6}.Debug|x86.Build.0 = Debug|Any CPU
		{24C964D3-3B3C-4CC9-8523-94200B90F2B6}.Release|Any CPU.ActiveCfg = Release|Any CPU
		{24C964D3-3B3C-4CC9-8523-94200B90F2B6}.Release|Any CPU.Build.0 = Release|Any CPU
		{24C964D3-3B3C-4CC9-8523-94200B90F2B6}.Release|ARM.ActiveCfg = Release|Any CPU
		{24C964D3-3B3C-4CC9-8523-94200B90F2B6}.Release|ARM.Build.0 = Release|Any CPU
		{24C964D3-3B3C-4CC9-8523-94200B90F2B6}.Release|iPhone.ActiveCfg = Release|Any CPU
		{24C964D3-3B3C-4CC9-8523-94200B90F2B6}.Release|iPhone.Build.0 = Release|Any CPU
		{24C964D3-3B3C-4CC9-8523-94200B90F2B6}.Release|iPhoneSimulator.ActiveCfg = Release|Any CPU
		{24C964D3-3B3C-4CC9-8523-94200B90F2B6}.Release|iPhoneSimulator.Build.0 = Release|Any CPU
		{24C964D3-3B3C-4CC9-8523-94200B90F2B6}.Release|x64.ActiveCfg = Release|Any CPU
		{24C964D3-3B3C-4CC9-8523-94200B90F2B6}.Release|x64.Build.0 = Release|Any CPU
		{24C964D3-3B3C-4CC9-8523-94200B90F2B6}.Release|x86.ActiveCfg = Release|Any CPU
		{24C964D3-3B3C-4CC9-8523-94200B90F2B6}.Release|x86.Build.0 = Release|Any CPU
		{49A29117-513C-4F63-804A-DD3189124377}.Ad-Hoc|Any CPU.ActiveCfg = Debug|Any CPU
		{49A29117-513C-4F63-804A-DD3189124377}.Ad-Hoc|Any CPU.Build.0 = Debug|Any CPU
		{49A29117-513C-4F63-804A-DD3189124377}.Ad-Hoc|ARM.ActiveCfg = Debug|Any CPU
		{49A29117-513C-4F63-804A-DD3189124377}.Ad-Hoc|ARM.Build.0 = Debug|Any CPU
		{49A29117-513C-4F63-804A-DD3189124377}.Ad-Hoc|iPhone.ActiveCfg = Debug|Any CPU
		{49A29117-513C-4F63-804A-DD3189124377}.Ad-Hoc|iPhone.Build.0 = Debug|Any CPU
		{49A29117-513C-4F63-804A-DD3189124377}.Ad-Hoc|iPhoneSimulator.ActiveCfg = Debug|Any CPU
		{49A29117-513C-4F63-804A-DD3189124377}.Ad-Hoc|iPhoneSimulator.Build.0 = Debug|Any CPU
		{49A29117-513C-4F63-804A-DD3189124377}.Ad-Hoc|x64.ActiveCfg = Debug|Any CPU
		{49A29117-513C-4F63-804A-DD3189124377}.Ad-Hoc|x64.Build.0 = Debug|Any CPU
		{49A29117-513C-4F63-804A-DD3189124377}.Ad-Hoc|x86.ActiveCfg = Debug|Any CPU
		{49A29117-513C-4F63-804A-DD3189124377}.Ad-Hoc|x86.Build.0 = Debug|Any CPU
		{49A29117-513C-4F63-804A-DD3189124377}.AppStore|Any CPU.ActiveCfg = Debug|Any CPU
		{49A29117-513C-4F63-804A-DD3189124377}.AppStore|Any CPU.Build.0 = Debug|Any CPU
		{49A29117-513C-4F63-804A-DD3189124377}.AppStore|ARM.ActiveCfg = Debug|Any CPU
		{49A29117-513C-4F63-804A-DD3189124377}.AppStore|ARM.Build.0 = Debug|Any CPU
		{49A29117-513C-4F63-804A-DD3189124377}.AppStore|iPhone.ActiveCfg = Debug|Any CPU
		{49A29117-513C-4F63-804A-DD3189124377}.AppStore|iPhone.Build.0 = Debug|Any CPU
		{49A29117-513C-4F63-804A-DD3189124377}.AppStore|iPhoneSimulator.ActiveCfg = Debug|Any CPU
		{49A29117-513C-4F63-804A-DD3189124377}.AppStore|iPhoneSimulator.Build.0 = Debug|Any CPU
		{49A29117-513C-4F63-804A-DD3189124377}.AppStore|x64.ActiveCfg = Debug|Any CPU
		{49A29117-513C-4F63-804A-DD3189124377}.AppStore|x64.Build.0 = Debug|Any CPU
		{49A29117-513C-4F63-804A-DD3189124377}.AppStore|x86.ActiveCfg = Debug|Any CPU
		{49A29117-513C-4F63-804A-DD3189124377}.AppStore|x86.Build.0 = Debug|Any CPU
		{49A29117-513C-4F63-804A-DD3189124377}.Debug|Any CPU.ActiveCfg = Debug|Any CPU
		{49A29117-513C-4F63-804A-DD3189124377}.Debug|Any CPU.Build.0 = Debug|Any CPU
		{49A29117-513C-4F63-804A-DD3189124377}.Debug|ARM.ActiveCfg = Debug|Any CPU
		{49A29117-513C-4F63-804A-DD3189124377}.Debug|ARM.Build.0 = Debug|Any CPU
		{49A29117-513C-4F63-804A-DD3189124377}.Debug|iPhone.ActiveCfg = Debug|Any CPU
		{49A29117-513C-4F63-804A-DD3189124377}.Debug|iPhone.Build.0 = Debug|Any CPU
		{49A29117-513C-4F63-804A-DD3189124377}.Debug|iPhoneSimulator.ActiveCfg = Debug|Any CPU
		{49A29117-513C-4F63-804A-DD3189124377}.Debug|iPhoneSimulator.Build.0 = Debug|Any CPU
		{49A29117-513C-4F63-804A-DD3189124377}.Debug|x64.ActiveCfg = Debug|Any CPU
		{49A29117-513C-4F63-804A-DD3189124377}.Debug|x64.Build.0 = Debug|Any CPU
		{49A29117-513C-4F63-804A-DD3189124377}.Debug|x86.ActiveCfg = Debug|Any CPU
		{49A29117-513C-4F63-804A-DD3189124377}.Debug|x86.Build.0 = Debug|Any CPU
		{49A29117-513C-4F63-804A-DD3189124377}.Release|Any CPU.ActiveCfg = Release|Any CPU
		{49A29117-513C-4F63-804A-DD3189124377}.Release|Any CPU.Build.0 = Release|Any CPU
		{49A29117-513C-4F63-804A-DD3189124377}.Release|ARM.ActiveCfg = Release|Any CPU
		{49A29117-513C-4F63-804A-DD3189124377}.Release|ARM.Build.0 = Release|Any CPU
		{49A29117-513C-4F63-804A-DD3189124377}.Release|iPhone.ActiveCfg = Release|Any CPU
		{49A29117-513C-4F63-804A-DD3189124377}.Release|iPhone.Build.0 = Release|Any CPU
		{49A29117-513C-4F63-804A-DD3189124377}.Release|iPhoneSimulator.ActiveCfg = Release|Any CPU
		{49A29117-513C-4F63-804A-DD3189124377}.Release|iPhoneSimulator.Build.0 = Release|Any CPU
		{49A29117-513C-4F63-804A-DD3189124377}.Release|x64.ActiveCfg = Release|Any CPU
		{49A29117-513C-4F63-804A-DD3189124377}.Release|x64.Build.0 = Release|Any CPU
		{49A29117-513C-4F63-804A-DD3189124377}.Release|x86.ActiveCfg = Release|Any CPU
		{49A29117-513C-4F63-804A-DD3189124377}.Release|x86.Build.0 = Release|Any CPU
	EndGlobalSection
	GlobalSection(SolutionProperties) = preSolution
		HideSolutionNode = FALSE
	EndGlobalSection
	GlobalSection(NestedProjects) = preSolution
		{CDE24E7B-18F1-486D-83E2-B498FA1EFBE3} = {D4537DFB-4534-4137-87FB-AA5050D37606}
		{5416DF3A-334A-48C9-9A49-30FDC52E2483} = {D4537DFB-4534-4137-87FB-AA5050D37606}
		{42BCE3FD-05B7-45D2-9052-37EB096B9382} = {D4537DFB-4534-4137-87FB-AA5050D37606}
	EndGlobalSection
	GlobalSection(ExtensibilityGlobals) = postSolution
		EnterpriseLibraryConfigurationToolBinariesPathV6 = packages\EnterpriseLibrary.TransientFaultHandling.6.0.1304.0\lib\portable-net45+win+wp8
		SolutionGuid = {63D6228F-5C65-4A0F-8C16-5FA15AF210CA}
	EndGlobalSection
EndGlobal
