
Microsoft Visual Studio Solution File, Format Version 12.00
# Visual Studio 15
VisualStudioVersion = 15.0.26730.0
MinimumVisualStudioVersion = 10.0.40219.1
Project("{8BC9CEB8-8B4A-11D0-8D11-00A0C91BC942}") = "MS.IoT.FourByFour.App", "MS.IoT.FourByFour.App\MS.IoT.FourByFour.App.vcxproj", "{7A8BBD4B-7D30-43C1-A53E-647D13951206}"
EndProject
Global
	GlobalSection(SolutionConfigurationPlatforms) = preSolution
		Debug|ARM = Debug|ARM
		Release|ARM = Release|ARM
	EndGlobalSection
	GlobalSection(ProjectConfigurationPlatforms) = postSolution
		{7A8BBD4B-7D30-43C1-A53E-647D13951206}.Debug|ARM.ActiveCfg = Debug|ARM
		{7A8BBD4B-7D30-43C1-A53E-647D13951206}.Debug|ARM.Build.0 = Debug|ARM
		{7A8BBD4B-7D30-43C1-A53E-647D13951206}.Release|ARM.ActiveCfg = Release|ARM
		{7A8BBD4B-7D30-43C1-A53E-647D13951206}.Release|ARM.Build.0 = Release|ARM
	EndGlobalSection
	GlobalSection(SolutionProperties) = preSolution
		HideSolutionNode = FALSE
	EndGlobalSection
	GlobalSection(ExtensibilityGlobals) = postSolution
		SolutionGuid = {8F0AE852-D32A-4CAB-AD96-9E162F3F4D5D}
	EndGlobalSection
EndGlobal
