
Microsoft Visual Studio Solution File, Format Version 12.00
# Visual Studio 15
VisualStudioVersion = 15.0.27004.2008
MinimumVisualStudioVersion = 10.0.40219.1
Project("{FAE04EC0-301F-11D3-BF4B-00C04F79EFBC}") = "MS.IoT.Domain", "MS.IoT.Domain\MS.IoT.Domain.csproj", "{0050539A-9952-4A2B-97D0-1F2A6FD0E06C}"
EndProject
Project("{FAE04EC0-301F-11D3-BF4B-00C04F79EFBC}") = "MS.IoT.Repositories", "MS.IoT.Repositories\MS.IoT.Repositories.csproj", "{4EB33578-8425-439B-9014-99E07778BD75}"
EndProject
Project("{2150E333-8FDC-42A3-9474-1A3956D46DE8}") = "Tests", "Tests", "{D4537DFB-4534-4137-87FB-AA5050D37606}"
EndProject
Project("{FAE04EC0-301F-11D3-BF4B-00C04F79EFBC}") = "MS.IoT.Repositories.Tests", "MS.IoT.Repositories.Tests\MS.IoT.Repositories.Tests.csproj", "{CDE24E7B-18F1-486D-83E2-B498FA1EFBE3}"
EndProject
Project("{FAE04EC0-301F-11D3-BF4B-00C04F79EFBC}") = "MS.IoT.Common", "MS.IoT.Common\MS.IoT.Common.csproj", "{9882C0F6-5E84-4F20-ABA0-F5994F1C1AA7}"
EndProject
Project("{FAE04EC0-301F-11D3-BF4B-00C04F79EFBC}") = "MS.IoT.Simulator.WPF", "MS.IoT.Simulator.WPF\MS.IoT.Simulator.WPF.csproj", "{96F3229F-CE26-411B-A4A0-CE8423A7877A}"
EndProject
Project("{930C7802-8A8C-48F9-8165-68863BCCD9DD}") = "MS.IoT.Simulator.Installer", "MS.IoT.Simulator.Installer\MS.IoT.Simulator.Installer.wixproj", "{B9F46A1A-3117-4C18-A425-824CBB870C98}"
EndProject
Project("{FAE04EC0-301F-11D3-BF4B-00C04F79EFBC}") = "MS.IoT.Simulator.Installer.SetConfigXML", "MS.IoT.Simulator.Installer.SetConfigXML\MS.IoT.Simulator.Installer.SetConfigXML.csproj", "{546210BD-933D-40C7-8113-D55A62FC3504}"
EndProject
Project("{2150E333-8FDC-42A3-9474-1A3956D46DE8}") = "Simulator", "Simulator", "{1692B1E6-4837-4FFB-A995-AF054A16E078}"
EndProject
Project("{FAE04EC0-301F-11D3-BF4B-00C04F79EFBC}") = "MS.IoT.DeviceTwinSimulator", "MS.IoT.DeviceTwinSimulator\MS.IoT.DeviceTwinSimulator.csproj", "{5416DF3A-334A-48C9-9A49-30FDC52E2483}"
EndProject
Global
	GlobalSection(SolutionConfigurationPlatforms) = preSolution
		Ad-Hoc|Any CPU = Ad-Hoc|Any CPU
		Ad-Hoc|ARM = Ad-Hoc|ARM
		Ad-Hoc|iPhone = Ad-Hoc|iPhone
		Ad-Hoc|iPhoneSimulator = Ad-Hoc|iPhoneSimulator
		Ad-Hoc|x64 = Ad-Hoc|x64
		Ad-Hoc|x86 = Ad-Hoc|x86
		AppStore|Any CPU = AppStore|Any CPU
		AppStore|ARM = AppStore|ARM
		AppStore|iPhone = AppStore|iPhone
		AppStore|iPhoneSimulator = AppStore|iPhoneSimulator
		AppStore|x64 = AppStore|x64
		AppStore|x86 = AppStore|x86
		Debug|Any CPU = Debug|Any CPU
		Debug|ARM = Debug|ARM
		Debug|iPhone = Debug|iPhone
		Debug|iPhoneSimulator = Debug|iPhoneSimulator
		Debug|x64 = Debug|x64
		Debug|x86 = Debug|x86
		Release|Any CPU = Release|Any CPU
		Release|ARM = Release|ARM
		Release|iPhone = Release|iPhone
		Release|iPhoneSimulator = Release|iPhoneSimulator
		Release|x64 = Release|x64
		Release|x86 = Release|x86
	EndGlobalSection
	GlobalSection(ProjectConfigurationPlatforms) = postSolution
		{0050539A-9952-4A2B-97D0-1F2A6FD0E06C}.Ad-Hoc|Any CPU.ActiveCfg = Release|Any CPU
		{0050539A-9952-4A2B-97D0-1F2A6FD0E06C}.Ad-Hoc|Any CPU.Build.0 = Release|Any CPU
		{0050539A-9952-4A2B-97D0-1F2A6FD0E06C}.Ad-Hoc|ARM.ActiveCfg = Release|Any CPU
		{0050539A-9952-4A2B-97D0-1F2A6FD0E06C}.Ad-Hoc|ARM.Build.0 = Release|Any CPU
		{0050539A-9952-4A2B-97D0-1F2A6FD0E06C}.Ad-Hoc|iPhone.ActiveCfg = Release|Any CPU
		{0050539A-9952-4A2B-97D0-1F2A6FD0E06C}.Ad-Hoc|iPhone.Build.0 = Release|Any CPU
		{0050539A-9952-4A2B-97D0-1F2A6FD0E06C}.Ad-Hoc|iPhoneSimulator.ActiveCfg = Release|Any CPU
		{0050539A-9952-4A2B-97D0-1F2A6FD0E06C}.Ad-Hoc|iPhoneSimulator.Build.0 = Release|Any CPU
		{0050539A-9952-4A2B-97D0-1F2A6FD0E06C}.Ad-Hoc|x64.ActiveCfg = Release|Any CPU
		{0050539A-9952-4A2B-97D0-1F2A6FD0E06C}.Ad-Hoc|x64.Build.0 = Release|Any CPU
		{0050539A-9952-4A2B-97D0-1F2A6FD0E06C}.Ad-Hoc|x86.ActiveCfg = Release|Any CPU
		{0050539A-9952-4A2B-97D0-1F2A6FD0E06C}.Ad-Hoc|x86.Build.0 = Release|Any CPU
		{0050539A-9952-4A2B-97D0-1F2A6FD0E06C}.AppStore|Any CPU.ActiveCfg = Release|Any CPU
		{0050539A-9952-4A2B-97D0-1F2A6FD0E06C}.AppStore|Any CPU.Build.0 = Release|Any CPU
		{0050539A-9952-4A2B-97D0-1F2A6FD0E06C}.AppStore|ARM.ActiveCfg = Release|Any CPU
		{0050539A-9952-4A2B-97D0-1F2A6FD0E06C}.AppStore|ARM.Build.0 = Release|Any CPU
		{0050539A-9952-4A2B-97D0-1F2A6FD0E06C}.AppStore|iPhone.ActiveCfg = Release|Any CPU
		{0050539A-9952-4A2B-97D0-1F2A6FD0E06C}.AppStore|iPhone.Build.0 = Release|Any CPU
		{0050539A-9952-4A2B-97D0-1F2A6FD0E06C}.AppStore|iPhoneSimulator.ActiveCfg = Release|Any CPU
		{0050539A-9952-4A2B-97D0-1F2A6FD0E06C}.AppStore|iPhoneSimulator.Build.0 = Release|Any CPU
		{0050539A-9952-4A2B-97D0-1F2A6FD0E06C}.AppStore|x64.ActiveCfg = Release|Any CPU
		{0050539A-9952-4A2B-97D0-1F2A6FD0E06C}.AppStore|x64.Build.0 = Release|Any CPU
		{0050539A-9952-4A2B-97D0-1F2A6FD0E06C}.AppStore|x86.ActiveCfg = Release|Any CPU
		{0050539A-9952-4A2B-97D0-1F2A6FD0E06C}.AppStore|x86.Build.0 = Release|Any CPU
		{0050539A-9952-4A2B-97D0-1F2A6FD0E06C}.Debug|Any CPU.ActiveCfg = Debug|Any CPU
		{0050539A-9952-4A2B-97D0-1F2A6FD0E06C}.Debug|Any CPU.Build.0 = Debug|Any CPU
		{0050539A-9952-4A2B-97D0-1F2A6FD0E06C}.Debug|ARM.ActiveCfg = Debug|Any CPU
		{0050539A-9952-4A2B-97D0-1F2A6FD0E06C}.Debug|ARM.Build.0 = Debug|Any CPU
		{0050539A-9952-4A2B-97D0-1F2A6FD0E06C}.Debug|iPhone.ActiveCfg = Debug|Any CPU
		{0050539A-9952-4A2B-97D0-1F2A6FD0E06C}.Debug|iPhone.Build.0 = Debug|Any CPU
		{0050539A-9952-4A2B-97D0-1F2A6FD0E06C}.Debug|iPhoneSimulator.ActiveCfg = Debug|Any CPU
		{0050539A-9952-4A2B-97D0-1F2A6FD0E06C}.Debug|iPhoneSimulator.Build.0 = Debug|Any CPU
		{0050539A-9952-4A2B-97D0-1F2A6FD0E06C}.Debug|x64.ActiveCfg = Debug|Any CPU
		{0050539A-9952-4A2B-97D0-1F2A6FD0E06C}.Debug|x64.Build.0 = Debug|Any CPU
		{0050539A-9952-4A2B-97D0-1F2A6FD0E06C}.Debug|x86.ActiveCfg = Debug|Any CPU
		{0050539A-9952-4A2B-97D0-1F2A6FD0E06C}.Debug|x86.Build.0 = Debug|Any CPU
		{0050539A-9952-4A2B-97D0-1F2A6FD0E06C}.Release|Any CPU.ActiveCfg = Release|Any CPU
		{0050539A-9952-4A2B-97D0-1F2A6FD0E06C}.Release|Any CPU.Build.0 = Release|Any CPU
		{0050539A-9952-4A2B-97D0-1F2A6FD0E06C}.Release|ARM.ActiveCfg = Release|Any CPU
		{0050539A-9952-4A2B-97D0-1F2A6FD0E06C}.Release|ARM.Build.0 = Release|Any CPU
		{0050539A-9952-4A2B-97D0-1F2A6FD0E06C}.Release|iPhone.ActiveCfg = Release|Any CPU
		{0050539A-9952-4A2B-97D0-1F2A6FD0E06C}.Release|iPhone.Build.0 = Release|Any CPU
		{0050539A-9952-4A2B-97D0-1F2A6FD0E06C}.Release|iPhoneSimulator.ActiveCfg = Release|Any CPU
		{0050539A-9952-4A2B-97D0-1F2A6FD0E06C}.Release|iPhoneSimulator.Build.0 = Release|Any CPU
		{0050539A-9952-4A2B-97D0-1F2A6FD0E06C}.Release|x64.ActiveCfg = Release|Any CPU
		{0050539A-9952-4A2B-97D0-1F2A6FD0E06C}.Release|x64.Build.0 = Release|Any CPU
		{0050539A-9952-4A2B-97D0-1F2A6FD0E06C}.Release|x86.ActiveCfg = Release|Any CPU
		{0050539A-9952-4A2B-97D0-1F2A6FD0E06C}.Release|x86.Build.0 = Release|Any CPU
		{4EB33578-8425-439B-9014-99E07778BD75}.Ad-Hoc|Any CPU.ActiveCfg = Release|Any CPU
		{4EB33578-8425-439B-9014-99E07778BD75}.Ad-Hoc|Any CPU.Build.0 = Release|Any CPU
		{4EB33578-8425-439B-9014-99E07778BD75}.Ad-Hoc|ARM.ActiveCfg = Release|Any CPU
		{4EB33578-8425-439B-9014-99E07778BD75}.Ad-Hoc|ARM.Build.0 = Release|Any CPU
		{4EB33578-8425-439B-9014-99E07778BD75}.Ad-Hoc|iPhone.ActiveCfg = Release|Any CPU
		{4EB33578-8425-439B-9014-99E07778BD75}.Ad-Hoc|iPhone.Build.0 = Release|Any CPU
		{4EB33578-8425-439B-9014-99E07778BD75}.Ad-Hoc|iPhoneSimulator.ActiveCfg = Release|Any CPU
		{4EB33578-8425-439B-9014-99E07778BD75}.Ad-Hoc|iPhoneSimulator.Build.0 = Release|Any CPU
		{4EB33578-8425-439B-9014-99E07778BD75}.Ad-Hoc|x64.ActiveCfg = Release|Any CPU
		{4EB33578-8425-439B-9014-99E07778BD75}.Ad-Hoc|x64.Build.0 = Release|Any CPU
		{4EB33578-8425-439B-9014-99E07778BD75}.Ad-Hoc|x86.ActiveCfg = Release|Any CPU
		{4EB33578-8425-439B-9014-99E07778BD75}.Ad-Hoc|x86.Build.0 = Release|Any CPU
		{4EB33578-8425-439B-9014-99E07778BD75}.AppStore|Any CPU.ActiveCfg = Release|Any CPU
		{4EB33578-8425-439B-9014-99E07778BD75}.AppStore|Any CPU.Build.0 = Release|Any CPU
		{4EB33578-8425-439B-9014-99E07778BD75}.AppStore|ARM.ActiveCfg = Release|Any CPU
		{4EB33578-8425-439B-9014-99E07778BD75}.AppStore|ARM.Build.0 = Release|Any CPU
		{4EB33578-8425-439B-9014-99E07778BD75}.AppStore|iPhone.ActiveCfg = Release|Any CPU
		{4EB33578-8425-439B-9014-99E07778BD75}.AppStore|iPhone.Build.0 = Release|Any CPU
		{4EB33578-8425-439B-9014-99E07778BD75}.AppStore|iPhoneSimulator.ActiveCfg = Release|Any CPU
		{4EB33578-8425-439B-9014-99E07778BD75}.AppStore|iPhoneSimulator.Build.0 = Release|Any CPU
		{4EB33578-8425-439B-9014-99E07778BD75}.AppStore|x64.ActiveCfg = Release|Any CPU
		{4EB33578-8425-439B-9014-99E07778BD75}.AppStore|x64.Build.0 = Release|Any CPU
		{4EB33578-8425-439B-9014-99E07778BD75}.AppStore|x86.ActiveCfg = Release|Any CPU
		{4EB33578-8425-439B-9014-99E07778BD75}.AppStore|x86.Build.0 = Release|Any CPU
		{4EB33578-8425-439B-9014-99E07778BD75}.Debug|Any CPU.ActiveCfg = Debug|Any CPU
		{4EB33578-8425-439B-9014-99E07778BD75}.Debug|Any CPU.Build.0 = Debug|Any CPU
		{4EB33578-8425-439B-9014-99E07778BD75}.Debug|ARM.ActiveCfg = Debug|Any CPU
		{4EB33578-8425-439B-9014-99E07778BD75}.Debug|ARM.Build.0 = Debug|Any CPU
		{4EB33578-8425-439B-9014-99E07778BD75}.Debug|iPhone.ActiveCfg = Debug|Any CPU
		{4EB33578-8425-439B-9014-99E07778BD75}.Debug|iPhone.Build.0 = Debug|Any CPU
		{4EB33578-8425-439B-9014-99E07778BD75}.Debug|iPhoneSimulator.ActiveCfg = Debug|Any CPU
		{4EB33578-8425-439B-9014-99E07778BD75}.Debug|iPhoneSimulator.Build.0 = Debug|Any CPU
		{4EB33578-8425-439B-9014-99E07778BD75}.Debug|x64.ActiveCfg = Debug|Any CPU
		{4EB33578-8425-439B-9014-99E07778BD75}.Debug|x64.Build.0 = Debug|Any CPU
		{4EB33578-8425-439B-9014-99E07778BD75}.Debug|x86.ActiveCfg = Debug|Any CPU
		{4EB33578-8425-439B-9014-99E07778BD75}.Debug|x86.Build.0 = Debug|Any CPU
		{4EB33578-8425-439B-9014-99E07778BD75}.Release|Any CPU.ActiveCfg = Release|Any CPU
		{4EB33578-8425-439B-9014-99E07778BD75}.Release|Any CPU.Build.0 = Release|Any CPU
		{4EB33578-8425-439B-9014-99E07778BD75}.Release|ARM.ActiveCfg = Release|Any CPU
		{4EB33578-8425-439B-9014-99E07778BD75}.Release|ARM.Build.0 = Release|Any CPU
		{4EB33578-8425-439B-9014-99E07778BD75}.Release|iPhone.ActiveCfg = Release|Any CPU
		{4EB33578-8425-439B-9014-99E07778BD75}.Release|iPhone.Build.0 = Release|Any CPU
		{4EB33578-8425-439B-9014-99E07778BD75}.Release|iPhoneSimulator.ActiveCfg = Release|Any CPU
		{4EB33578-8425-439B-9014-99E07778BD75}.Release|iPhoneSimulator.Build.0 = Release|Any CPU
		{4EB33578-8425-439B-9014-99E07778BD75}.Release|x64.ActiveCfg = Release|Any CPU
		{4EB33578-8425-439B-9014-99E07778BD75}.Release|x64.Build.0 = Release|Any CPU
		{4EB33578-8425-439B-9014-99E07778BD75}.Release|x86.ActiveCfg = Release|Any CPU
		{4EB33578-8425-439B-9014-99E07778BD75}.Release|x86.Build.0 = Release|Any CPU
		{CDE24E7B-18F1-486D-83E2-B498FA1EFBE3}.Ad-Hoc|Any CPU.ActiveCfg = Release|Any CPU
		{CDE24E7B-18F1-486D-83E2-B498FA1EFBE3}.Ad-Hoc|Any CPU.Build.0 = Release|Any CPU
		{CDE24E7B-18F1-486D-83E2-B498FA1EFBE3}.Ad-Hoc|ARM.ActiveCfg = Release|Any CPU
		{CDE24E7B-18F1-486D-83E2-B498FA1EFBE3}.Ad-Hoc|ARM.Build.0 = Release|Any CPU
		{CDE24E7B-18F1-486D-83E2-B498FA1EFBE3}.Ad-Hoc|iPhone.ActiveCfg = Release|Any CPU
		{CDE24E7B-18F1-486D-83E2-B498FA1EFBE3}.Ad-Hoc|iPhone.Build.0 = Release|Any CPU
		{CDE24E7B-18F1-486D-83E2-B498FA1EFBE3}.Ad-Hoc|iPhoneSimulator.ActiveCfg = Release|Any CPU
		{CDE24E7B-18F1-486D-83E2-B498FA1EFBE3}.Ad-Hoc|iPhoneSimulator.Build.0 = Release|Any CPU
		{CDE24E7B-18F1-486D-83E2-B498FA1EFBE3}.Ad-Hoc|x64.ActiveCfg = Release|Any CPU
		{CDE24E7B-18F1-486D-83E2-B498FA1EFBE3}.Ad-Hoc|x64.Build.0 = Release|Any CPU
		{CDE24E7B-18F1-486D-83E2-B498FA1EFBE3}.Ad-Hoc|x86.ActiveCfg = Release|Any CPU
		{CDE24E7B-18F1-486D-83E2-B498FA1EFBE3}.Ad-Hoc|x86.Build.0 = Release|Any CPU
		{CDE24E7B-18F1-486D-83E2-B498FA1EFBE3}.AppStore|Any CPU.ActiveCfg = Release|Any CPU
		{CDE24E7B-18F1-486D-83E2-B498FA1EFBE3}.AppStore|Any CPU.Build.0 = Release|Any CPU
		{CDE24E7B-18F1-486D-83E2-B498FA1EFBE3}.AppStore|ARM.ActiveCfg = Release|Any CPU
		{CDE24E7B-18F1-486D-83E2-B498FA1EFBE3}.AppStore|ARM.Build.0 = Release|Any CPU
		{CDE24E7B-18F1-486D-83E2-B498FA1EFBE3}.AppStore|iPhone.ActiveCfg = Release|Any CPU
		{CDE24E7B-18F1-486D-83E2-B498FA1EFBE3}.AppStore|iPhone.Build.0 = Release|Any CPU
		{CDE24E7B-18F1-486D-83E2-B498FA1EFBE3}.AppStore|iPhoneSimulator.ActiveCfg = Release|Any CPU
		{CDE24E7B-18F1-486D-83E2-B498FA1EFBE3}.AppStore|iPhoneSimulator.Build.0 = Release|Any CPU
		{CDE24E7B-18F1-486D-83E2-B498FA1EFBE3}.AppStore|x64.ActiveCfg = Release|Any CPU
		{CDE24E7B-18F1-486D-83E2-B498FA1EFBE3}.AppStore|x64.Build.0 = Release|Any CPU
		{CDE24E7B-18F1-486D-83E2-B498FA1EFBE3}.AppStore|x86.ActiveCfg = Release|Any CPU
		{CDE24E7B-18F1-486D-83E2-B498FA1EFBE3}.AppStore|x86.Build.0 = Release|Any CPU
		{CDE24E7B-18F1-486D-83E2-B498FA1EFBE3}.Debug|Any CPU.ActiveCfg = Debug|Any CPU
		{CDE24E7B-18F1-486D-83E2-B498FA1EFBE3}.Debug|Any CPU.Build.0 = Debug|Any CPU
		{CDE24E7B-18F1-486D-83E2-B498FA1EFBE3}.Debug|ARM.ActiveCfg = Debug|Any CPU
		{CDE24E7B-18F1-486D-83E2-B498FA1EFBE3}.Debug|ARM.Build.0 = Debug|Any CPU
		{CDE24E7B-18F1-486D-83E2-B498FA1EFBE3}.Debug|iPhone.ActiveCfg = Debug|Any CPU
		{CDE24E7B-18F1-486D-83E2-B498FA1EFBE3}.Debug|iPhone.Build.0 = Debug|Any CPU
		{CDE24E7B-18F1-486D-83E2-B498FA1EFBE3}.Debug|iPhoneSimulator.ActiveCfg = Debug|Any CPU
		{CDE24E7B-18F1-486D-83E2-B498FA1EFBE3}.Debug|iPhoneSimulator.Build.0 = Debug|Any CPU
		{CDE24E7B-18F1-486D-83E2-B498FA1EFBE3}.Debug|x64.ActiveCfg = Debug|Any CPU
		{CDE24E7B-18F1-486D-83E2-B498FA1EFBE3}.Debug|x64.Build.0 = Debug|Any CPU
		{CDE24E7B-18F1-486D-83E2-B498FA1EFBE3}.Debug|x86.ActiveCfg = Debug|Any CPU
		{CDE24E7B-18F1-486D-83E2-B498FA1EFBE3}.Debug|x86.Build.0 = Debug|Any CPU
		{CDE24E7B-18F1-486D-83E2-B498FA1EFBE3}.Release|Any CPU.ActiveCfg = Release|Any CPU
		{CDE24E7B-18F1-486D-83E2-B498FA1EFBE3}.Release|Any CPU.Build.0 = Release|Any CPU
		{CDE24E7B-18F1-486D-83E2-B498FA1EFBE3}.Release|ARM.ActiveCfg = Release|Any CPU
		{CDE24E7B-18F1-486D-83E2-B498FA1EFBE3}.Release|ARM.Build.0 = Release|Any CPU
		{CDE24E7B-18F1-486D-83E2-B498FA1EFBE3}.Release|iPhone.ActiveCfg = Release|Any CPU
		{CDE24E7B-18F1-486D-83E2-B498FA1EFBE3}.Release|iPhone.Build.0 = Release|Any CPU
		{CDE24E7B-18F1-486D-83E2-B498FA1EFBE3}.Release|iPhoneSimulator.ActiveCfg = Release|Any CPU
		{CDE24E7B-18F1-486D-83E2-B498FA1EFBE3}.Release|iPhoneSimulator.Build.0 = Release|Any CPU
		{CDE24E7B-18F1-486D-83E2-B498FA1EFBE3}.Release|x64.ActiveCfg = Release|Any CPU
		{CDE24E7B-18F1-486D-83E2-B498FA1EFBE3}.Release|x64.Build.0 = Release|Any CPU
		{CDE24E7B-18F1-486D-83E2-B498FA1EFBE3}.Release|x86.ActiveCfg = Release|Any CPU
		{CDE24E7B-18F1-486D-83E2-B498FA1EFBE3}.Release|x86.Build.0 = Release|Any CPU
		{9882C0F6-5E84-4F20-ABA0-F5994F1C1AA7}.Ad-Hoc|Any CPU.ActiveCfg = Release|Any CPU
		{9882C0F6-5E84-4F20-ABA0-F5994F1C1AA7}.Ad-Hoc|Any CPU.Build.0 = Release|Any CPU
		{9882C0F6-5E84-4F20-ABA0-F5994F1C1AA7}.Ad-Hoc|ARM.ActiveCfg = Release|Any CPU
		{9882C0F6-5E84-4F20-ABA0-F5994F1C1AA7}.Ad-Hoc|ARM.Build.0 = Release|Any CPU
		{9882C0F6-5E84-4F20-ABA0-F5994F1C1AA7}.Ad-Hoc|iPhone.ActiveCfg = Release|Any CPU
		{9882C0F6-5E84-4F20-ABA0-F5994F1C1AA7}.Ad-Hoc|iPhone.Build.0 = Release|Any CPU
		{9882C0F6-5E84-4F20-ABA0-F5994F1C1AA7}.Ad-Hoc|iPhoneSimulator.ActiveCfg = Release|Any CPU
		{9882C0F6-5E84-4F20-ABA0-F5994F1C1AA7}.Ad-Hoc|iPhoneSimulator.Build.0 = Release|Any CPU
		{9882C0F6-5E84-4F20-ABA0-F5994F1C1AA7}.Ad-Hoc|x64.ActiveCfg = Release|Any CPU
		{9882C0F6-5E84-4F20-ABA0-F5994F1C1AA7}.Ad-Hoc|x64.Build.0 = Release|Any CPU
		{9882C0F6-5E84-4F20-ABA0-F5994F1C1AA7}.Ad-Hoc|x86.ActiveCfg = Release|Any CPU
		{9882C0F6-5E84-4F20-ABA0-F5994F1C1AA7}.Ad-Hoc|x86.Build.0 = Release|Any CPU
		{9882C0F6-5E84-4F20-ABA0-F5994F1C1AA7}.AppStore|Any CPU.ActiveCfg = Release|Any CPU
		{9882C0F6-5E84-4F20-ABA0-F5994F1C1AA7}.AppStore|Any CPU.Build.0 = Release|Any CPU
		{9882C0F6-5E84-4F20-ABA0-F5994F1C1AA7}.AppStore|ARM.ActiveCfg = Release|Any CPU
		{9882C0F6-5E84-4F20-ABA0-F5994F1C1AA7}.AppStore|ARM.Build.0 = Release|Any CPU
		{9882C0F6-5E84-4F20-ABA0-F5994F1C1AA7}.AppStore|iPhone.ActiveCfg = Release|Any CPU
		{9882C0F6-5E84-4F20-ABA0-F5994F1C1AA7}.AppStore|iPhone.Build.0 = Release|Any CPU
		{9882C0F6-5E84-4F20-ABA0-F5994F1C1AA7}.AppStore|iPhoneSimulator.ActiveCfg = Release|Any CPU
		{9882C0F6-5E84-4F20-ABA0-F5994F1C1AA7}.AppStore|iPhoneSimulator.Build.0 = Release|Any CPU
		{9882C0F6-5E84-4F20-ABA0-F5994F1C1AA7}.AppStore|x64.ActiveCfg = Release|Any CPU
		{9882C0F6-5E84-4F20-ABA0-F5994F1C1AA7}.AppStore|x64.Build.0 = Release|Any CPU
		{9882C0F6-5E84-4F20-ABA0-F5994F1C1AA7}.AppStore|x86.ActiveCfg = Release|Any CPU
		{9882C0F6-5E84-4F20-ABA0-F5994F1C1AA7}.AppStore|x86.Build.0 = Release|Any CPU
		{9882C0F6-5E84-4F20-ABA0-F5994F1C1AA7}.Debug|Any CPU.ActiveCfg = Debug|Any CPU
		{9882C0F6-5E84-4F20-ABA0-F5994F1C1AA7}.Debug|Any CPU.Build.0 = Debug|Any CPU
		{9882C0F6-5E84-4F20-ABA0-F5994F1C1AA7}.Debug|ARM.ActiveCfg = Debug|Any CPU
		{9882C0F6-5E84-4F20-ABA0-F5994F1C1AA7}.Debug|ARM.Build.0 = Debug|Any CPU
		{9882C0F6-5E84-4F20-ABA0-F5994F1C1AA7}.Debug|iPhone.ActiveCfg = Debug|Any CPU
		{9882C0F6-5E84-4F20-ABA0-F5994F1C1AA7}.Debug|iPhone.Build.0 = Debug|Any CPU
		{9882C0F6-5E84-4F20-ABA0-F5994F1C1AA7}.Debug|iPhoneSimulator.ActiveCfg = Debug|Any CPU
		{9882C0F6-5E84-4F20-ABA0-F5994F1C1AA7}.Debug|iPhoneSimulator.Build.0 = Debug|Any CPU
		{9882C0F6-5E84-4F20-ABA0-F5994F1C1AA7}.Debug|x64.ActiveCfg = Debug|Any CPU
		{9882C0F6-5E84-4F20-ABA0-F5994F1C1AA7}.Debug|x64.Build.0 = Debug|Any CPU
		{9882C0F6-5E84-4F20-ABA0-F5994F1C1AA7}.Debug|x86.ActiveCfg = Debug|Any CPU
		{9882C0F6-5E84-4F20-ABA0-F5994F1C1AA7}.Debug|x86.Build.0 = Debug|Any CPU
		{9882C0F6-5E84-4F20-ABA0-F5994F1C1AA7}.Release|Any CPU.ActiveCfg = Release|Any CPU
		{9882C0F6-5E84-4F20-ABA0-F5994F1C1AA7}.Release|Any CPU.Build.0 = Release|Any CPU
		{9882C0F6-5E84-4F20-ABA0-F5994F1C1AA7}.Release|ARM.ActiveCfg = Release|Any CPU
		{9882C0F6-5E84-4F20-ABA0-F5994F1C1AA7}.Release|ARM.Build.0 = Release|Any CPU
		{9882C0F6-5E84-4F20-ABA0-F5994F1C1AA7}.Release|iPhone.ActiveCfg = Release|Any CPU
		{9882C0F6-5E84-4F20-ABA0-F5994F1C1AA7}.Release|iPhone.Build.0 = Release|Any CPU
		{9882C0F6-5E84-4F20-ABA0-F5994F1C1AA7}.Release|iPhoneSimulator.ActiveCfg = Release|Any CPU
		{9882C0F6-5E84-4F20-ABA0-F5994F1C1AA7}.Release|iPhoneSimulator.Build.0 = Release|Any CPU
		{9882C0F6-5E84-4F20-ABA0-F5994F1C1AA7}.Release|x64.ActiveCfg = Release|Any CPU
		{9882C0F6-5E84-4F20-ABA0-F5994F1C1AA7}.Release|x64.Build.0 = Release|Any CPU
		{9882C0F6-5E84-4F20-ABA0-F5994F1C1AA7}.Release|x86.ActiveCfg = Release|Any CPU
		{9882C0F6-5E84-4F20-ABA0-F5994F1C1AA7}.Release|x86.Build.0 = Release|Any CPU
		{96F3229F-CE26-411B-A4A0-CE8423A7877A}.Ad-Hoc|Any CPU.ActiveCfg = Release|Any CPU
		{96F3229F-CE26-411B-A4A0-CE8423A7877A}.Ad-Hoc|Any CPU.Build.0 = Release|Any CPU
		{96F3229F-CE26-411B-A4A0-CE8423A7877A}.Ad-Hoc|ARM.ActiveCfg = Release|Any CPU
		{96F3229F-CE26-411B-A4A0-CE8423A7877A}.Ad-Hoc|ARM.Build.0 = Release|Any CPU
		{96F3229F-CE26-411B-A4A0-CE8423A7877A}.Ad-Hoc|iPhone.ActiveCfg = Release|Any CPU
		{96F3229F-CE26-411B-A4A0-CE8423A7877A}.Ad-Hoc|iPhone.Build.0 = Release|Any CPU
		{96F3229F-CE26-411B-A4A0-CE8423A7877A}.Ad-Hoc|iPhoneSimulator.ActiveCfg = Release|Any CPU
		{96F3229F-CE26-411B-A4A0-CE8423A7877A}.Ad-Hoc|iPhoneSimulator.Build.0 = Release|Any CPU
		{96F3229F-CE26-411B-A4A0-CE8423A7877A}.Ad-Hoc|x64.ActiveCfg = Release|Any CPU
		{96F3229F-CE26-411B-A4A0-CE8423A7877A}.Ad-Hoc|x64.Build.0 = Release|Any CPU
		{96F3229F-CE26-411B-A4A0-CE8423A7877A}.Ad-Hoc|x86.ActiveCfg = Release|Any CPU
		{96F3229F-CE26-411B-A4A0-CE8423A7877A}.Ad-Hoc|x86.Build.0 = Release|Any CPU
		{96F3229F-CE26-411B-A4A0-CE8423A7877A}.AppStore|Any CPU.ActiveCfg = Release|Any CPU
		{96F3229F-CE26-411B-A4A0-CE8423A7877A}.AppStore|Any CPU.Build.0 = Release|Any CPU
		{96F3229F-CE26-411B-A4A0-CE8423A7877A}.AppStore|ARM.ActiveCfg = Release|Any CPU
		{96F3229F-CE26-411B-A4A0-CE8423A7877A}.AppStore|ARM.Build.0 = Release|Any CPU
		{96F3229F-CE26-411B-A4A0-CE8423A7877A}.AppStore|iPhone.ActiveCfg = Release|Any CPU
		{96F3229F-CE26-411B-A4A0-CE8423A7877A}.AppStore|iPhone.Build.0 = Release|Any CPU
		{96F3229F-CE26-411B-A4A0-CE8423A7877A}.AppStore|iPhoneSimulator.ActiveCfg = Release|Any CPU
		{96F3229F-CE26-411B-A4A0-CE8423A7877A}.AppStore|iPhoneSimulator.Build.0 = Release|Any CPU
		{96F3229F-CE26-411B-A4A0-CE8423A7877A}.AppStore|x64.ActiveCfg = Release|Any CPU
		{96F3229F-CE26-411B-A4A0-CE8423A7877A}.AppStore|x64.Build.0 = Release|Any CPU
		{96F3229F-CE26-411B-A4A0-CE8423A7877A}.AppStore|x86.ActiveCfg = Release|Any CPU
		{96F3229F-CE26-411B-A4A0-CE8423A7877A}.AppStore|x86.Build.0 = Release|Any CPU
		{96F3229F-CE26-411B-A4A0-CE8423A7877A}.Debug|Any CPU.ActiveCfg = Debug|Any CPU
		{96F3229F-CE26-411B-A4A0-CE8423A7877A}.Debug|Any CPU.Build.0 = Debug|Any CPU
		{96F3229F-CE26-411B-A4A0-CE8423A7877A}.Debug|ARM.ActiveCfg = Debug|Any CPU
		{96F3229F-CE26-411B-A4A0-CE8423A7877A}.Debug|ARM.Build.0 = Debug|Any CPU
		{96F3229F-CE26-411B-A4A0-CE8423A7877A}.Debug|iPhone.ActiveCfg = Debug|Any CPU
		{96F3229F-CE26-411B-A4A0-CE8423A7877A}.Debug|iPhone.Build.0 = Debug|Any CPU
		{96F3229F-CE26-411B-A4A0-CE8423A7877A}.Debug|iPhoneSimulator.ActiveCfg = Debug|Any CPU
		{96F3229F-CE26-411B-A4A0-CE8423A7877A}.Debug|iPhoneSimulator.Build.0 = Debug|Any CPU
		{96F3229F-CE26-411B-A4A0-CE8423A7877A}.Debug|x64.ActiveCfg = Debug|Any CPU
		{96F3229F-CE26-411B-A4A0-CE8423A7877A}.Debug|x64.Build.0 = Debug|Any CPU
		{96F3229F-CE26-411B-A4A0-CE8423A7877A}.Debug|x86.ActiveCfg = Debug|Any CPU
		{96F3229F-CE26-411B-A4A0-CE8423A7877A}.Debug|x86.Build.0 = Debug|Any CPU
		{96F3229F-CE26-411B-A4A0-CE8423A7877A}.Release|Any CPU.ActiveCfg = Release|Any CPU
		{96F3229F-CE26-411B-A4A0-CE8423A7877A}.Release|Any CPU.Build.0 = Release|Any CPU
		{96F3229F-CE26-411B-A4A0-CE8423A7877A}.Release|ARM.ActiveCfg = Release|Any CPU
		{96F3229F-CE26-411B-A4A0-CE8423A7877A}.Release|ARM.Build.0 = Release|Any CPU
		{96F3229F-CE26-411B-A4A0-CE8423A7877A}.Release|iPhone.ActiveCfg = Release|Any CPU
		{96F3229F-CE26-411B-A4A0-CE8423A7877A}.Release|iPhone.Build.0 = Release|Any CPU
		{96F3229F-CE26-411B-A4A0-CE8423A7877A}.Release|iPhoneSimulator.ActiveCfg = Release|Any CPU
		{96F3229F-CE26-411B-A4A0-CE8423A7877A}.Release|iPhoneSimulator.Build.0 = Release|Any CPU
		{96F3229F-CE26-411B-A4A0-CE8423A7877A}.Release|x64.ActiveCfg = Release|Any CPU
		{96F3229F-CE26-411B-A4A0-CE8423A7877A}.Release|x64.Build.0 = Release|Any CPU
		{96F3229F-CE26-411B-A4A0-CE8423A7877A}.Release|x86.ActiveCfg = Release|Any CPU
		{96F3229F-CE26-411B-A4A0-CE8423A7877A}.Release|x86.Build.0 = Release|Any CPU
		{B9F46A1A-3117-4C18-A425-824CBB870C98}.Ad-Hoc|Any CPU.ActiveCfg = Release|x86
		{B9F46A1A-3117-4C18-A425-824CBB870C98}.Ad-Hoc|ARM.ActiveCfg = Release|x86
		{B9F46A1A-3117-4C18-A425-824CBB870C98}.Ad-Hoc|iPhone.ActiveCfg = Release|x86
		{B9F46A1A-3117-4C18-A425-824CBB870C98}.Ad-Hoc|iPhoneSimulator.ActiveCfg = Release|x86
		{B9F46A1A-3117-4C18-A425-824CBB870C98}.Ad-Hoc|x64.ActiveCfg = Release|x86
		{B9F46A1A-3117-4C18-A425-824CBB870C98}.Ad-Hoc|x86.ActiveCfg = Release|x86
		{B9F46A1A-3117-4C18-A425-824CBB870C98}.AppStore|Any CPU.ActiveCfg = Release|x86
		{B9F46A1A-3117-4C18-A425-824CBB870C98}.AppStore|ARM.ActiveCfg = Release|x86
		{B9F46A1A-3117-4C18-A425-824CBB870C98}.AppStore|iPhone.ActiveCfg = Release|x86
		{B9F46A1A-3117-4C18-A425-824CBB870C98}.AppStore|iPhoneSimulator.ActiveCfg = Release|x86
		{B9F46A1A-3117-4C18-A425-824CBB870C98}.AppStore|x64.ActiveCfg = Release|x86
		{B9F46A1A-3117-4C18-A425-824CBB870C98}.AppStore|x86.ActiveCfg = Release|x86
		{B9F46A1A-3117-4C18-A425-824CBB870C98}.Debug|Any CPU.ActiveCfg = Debug|x86
		{B9F46A1A-3117-4C18-A425-824CBB870C98}.Debug|ARM.ActiveCfg = Debug|x86
		{B9F46A1A-3117-4C18-A425-824CBB870C98}.Debug|iPhone.ActiveCfg = Debug|x86
		{B9F46A1A-3117-4C18-A425-824CBB870C98}.Debug|iPhoneSimulator.ActiveCfg = Debug|x86
		{B9F46A1A-3117-4C18-A425-824CBB870C98}.Debug|x64.ActiveCfg = Debug|x86
		{B9F46A1A-3117-4C18-A425-824CBB870C98}.Debug|x86.ActiveCfg = Debug|x86
		{B9F46A1A-3117-4C18-A425-824CBB870C98}.Debug|x86.Build.0 = Debug|x86
		{B9F46A1A-3117-4C18-A425-824CBB870C98}.Release|Any CPU.ActiveCfg = Release|x86
		{B9F46A1A-3117-4C18-A425-824CBB870C98}.Release|ARM.ActiveCfg = Release|x86
		{B9F46A1A-3117-4C18-A425-824CBB870C98}.Release|iPhone.ActiveCfg = Release|x86
		{B9F46A1A-3117-4C18-A425-824CBB870C98}.Release|iPhoneSimulator.ActiveCfg = Release|x86
		{B9F46A1A-3117-4C18-A425-824CBB870C98}.Release|x64.ActiveCfg = Release|x86
		{B9F46A1A-3117-4C18-A425-824CBB870C98}.Release|x86.ActiveCfg = Release|x86
		{B9F46A1A-3117-4C18-A425-824CBB870C98}.Release|x86.Build.0 = Release|x86
		{546210BD-933D-40C7-8113-D55A62FC3504}.Ad-Hoc|Any CPU.ActiveCfg = Release|x86
		{546210BD-933D-40C7-8113-D55A62FC3504}.Ad-Hoc|Any CPU.Build.0 = Release|x86
		{546210BD-933D-40C7-8113-D55A62FC3504}.Ad-Hoc|ARM.ActiveCfg = Release|x86
		{546210BD-933D-40C7-8113-D55A62FC3504}.Ad-Hoc|ARM.Build.0 = Release|x86
		{546210BD-933D-40C7-8113-D55A62FC3504}.Ad-Hoc|iPhone.ActiveCfg = Release|x86
		{546210BD-933D-40C7-8113-D55A62FC3504}.Ad-Hoc|iPhone.Build.0 = Release|x86
		{546210BD-933D-40C7-8113-D55A62FC3504}.Ad-Hoc|iPhoneSimulator.ActiveCfg = Release|x86
		{546210BD-933D-40C7-8113-D55A62FC3504}.Ad-Hoc|iPhoneSimulator.Build.0 = Release|x86
		{546210BD-933D-40C7-8113-D55A62FC3504}.Ad-Hoc|x64.ActiveCfg = Release|x86
		{546210BD-933D-40C7-8113-D55A62FC3504}.Ad-Hoc|x64.Build.0 = Release|x86
		{546210BD-933D-40C7-8113-D55A62FC3504}.Ad-Hoc|x86.ActiveCfg = Release|x86
		{546210BD-933D-40C7-8113-D55A62FC3504}.Ad-Hoc|x86.Build.0 = Release|x86
		{546210BD-933D-40C7-8113-D55A62FC3504}.AppStore|Any CPU.ActiveCfg = Release|x86
		{546210BD-933D-40C7-8113-D55A62FC3504}.AppStore|Any CPU.Build.0 = Release|x86
		{546210BD-933D-40C7-8113-D55A62FC3504}.AppStore|ARM.ActiveCfg = Release|x86
		{546210BD-933D-40C7-8113-D55A62FC3504}.AppStore|ARM.Build.0 = Release|x86
		{546210BD-933D-40C7-8113-D55A62FC3504}.AppStore|iPhone.ActiveCfg = Release|x86
		{546210BD-933D-40C7-8113-D55A62FC3504}.AppStore|iPhone.Build.0 = Release|x86
		{546210BD-933D-40C7-8113-D55A62FC3504}.AppStore|iPhoneSimulator.ActiveCfg = Release|x86
		{546210BD-933D-40C7-8113-D55A62FC3504}.AppStore|iPhoneSimulator.Build.0 = Release|x86
		{546210BD-933D-40C7-8113-D55A62FC3504}.AppStore|x64.ActiveCfg = Release|x86
		{546210BD-933D-40C7-8113-D55A62FC3504}.AppStore|x64.Build.0 = Release|x86
		{546210BD-933D-40C7-8113-D55A62FC3504}.AppStore|x86.ActiveCfg = Release|x86
		{546210BD-933D-40C7-8113-D55A62FC3504}.AppStore|x86.Build.0 = Release|x86
		{546210BD-933D-40C7-8113-D55A62FC3504}.Debug|Any CPU.ActiveCfg = Debug|x86
		{546210BD-933D-40C7-8113-D55A62FC3504}.Debug|ARM.ActiveCfg = Debug|x86
		{546210BD-933D-40C7-8113-D55A62FC3504}.Debug|iPhone.ActiveCfg = Debug|x86
		{546210BD-933D-40C7-8113-D55A62FC3504}.Debug|iPhoneSimulator.ActiveCfg = Debug|x86
		{546210BD-933D-40C7-8113-D55A62FC3504}.Debug|x64.ActiveCfg = Debug|x86
		{546210BD-933D-40C7-8113-D55A62FC3504}.Debug|x86.ActiveCfg = Debug|x86
		{546210BD-933D-40C7-8113-D55A62FC3504}.Debug|x86.Build.0 = Debug|x86
		{546210BD-933D-40C7-8113-D55A62FC3504}.Release|Any CPU.ActiveCfg = Release|x86
		{546210BD-933D-40C7-8113-D55A62FC3504}.Release|ARM.ActiveCfg = Release|x86
		{546210BD-933D-40C7-8113-D55A62FC3504}.Release|iPhone.ActiveCfg = Release|x86
		{546210BD-933D-40C7-8113-D55A62FC3504}.Release|iPhoneSimulator.ActiveCfg = Release|x86
		{546210BD-933D-40C7-8113-D55A62FC3504}.Release|x64.ActiveCfg = Release|x86
		{546210BD-933D-40C7-8113-D55A62FC3504}.Release|x86.ActiveCfg = Release|x86
		{546210BD-933D-40C7-8113-D55A62FC3504}.Release|x86.Build.0 = Release|x86
		{5416DF3A-334A-48C9-9A49-30FDC52E2483}.Ad-Hoc|Any CPU.ActiveCfg = Release|Any CPU
		{5416DF3A-334A-48C9-9A49-30FDC52E2483}.Ad-Hoc|Any CPU.Build.0 = Release|Any CPU
		{5416DF3A-334A-48C9-9A49-30FDC52E2483}.Ad-Hoc|ARM.ActiveCfg = Release|Any CPU
		{5416DF3A-334A-48C9-9A49-30FDC52E2483}.Ad-Hoc|ARM.Build.0 = Release|Any CPU
		{5416DF3A-334A-48C9-9A49-30FDC52E2483}.Ad-Hoc|iPhone.ActiveCfg = Release|Any CPU
		{5416DF3A-334A-48C9-9A49-30FDC52E2483}.Ad-Hoc|iPhone.Build.0 = Release|Any CPU
		{5416DF3A-334A-48C9-9A49-30FDC52E2483}.Ad-Hoc|iPhoneSimulator.ActiveCfg = Release|Any CPU
		{5416DF3A-334A-48C9-9A49-30FDC52E2483}.Ad-Hoc|iPhoneSimulator.Build.0 = Release|Any CPU
		{5416DF3A-334A-48C9-9A49-30FDC52E2483}.Ad-Hoc|x64.ActiveCfg = Release|Any CPU
		{5416DF3A-334A-48C9-9A49-30FDC52E2483}.Ad-Hoc|x64.Build.0 = Release|Any CPU
		{5416DF3A-334A-48C9-9A49-30FDC52E2483}.Ad-Hoc|x86.ActiveCfg = Release|Any CPU
		{5416DF3A-334A-48C9-9A49-30FDC52E2483}.Ad-Hoc|x86.Build.0 = Release|Any CPU
		{5416DF3A-334A-48C9-9A49-30FDC52E2483}.AppStore|Any CPU.ActiveCfg = Release|Any CPU
		{5416DF3A-334A-48C9-9A49-30FDC52E2483}.AppStore|Any CPU.Build.0 = Release|Any CPU
		{5416DF3A-334A-48C9-9A49-30FDC52E2483}.AppStore|ARM.ActiveCfg = Release|Any CPU
		{5416DF3A-334A-48C9-9A49-30FDC52E2483}.AppStore|ARM.Build.0 = Release|Any CPU
		{5416DF3A-334A-48C9-9A49-30FDC52E2483}.AppStore|iPhone.ActiveCfg = Release|Any CPU
		{5416DF3A-334A-48C9-9A49-30FDC52E2483}.AppStore|iPhone.Build.0 = Release|Any CPU
		{5416DF3A-334A-48C9-9A49-30FDC52E2483}.AppStore|iPhoneSimulator.ActiveCfg = Release|Any CPU
		{5416DF3A-334A-48C9-9A49-30FDC52E2483}.AppStore|iPhoneSimulator.Build.0 = Release|Any CPU
		{5416DF3A-334A-48C9-9A49-30FDC52E2483}.AppStore|x64.ActiveCfg = Release|Any CPU
		{5416DF3A-334A-48C9-9A49-30FDC52E2483}.AppStore|x64.Build.0 = Release|Any CPU
		{5416DF3A-334A-48C9-9A49-30FDC52E2483}.AppStore|x86.ActiveCfg = Release|Any CPU
		{5416DF3A-334A-48C9-9A49-30FDC52E2483}.AppStore|x86.Build.0 = Release|Any CPU
		{5416DF3A-334A-48C9-9A49-30FDC52E2483}.Debug|Any CPU.ActiveCfg = Debug|Any CPU
		{5416DF3A-334A-48C9-9A49-30FDC52E2483}.Debug|Any CPU.Build.0 = Debug|Any CPU
		{5416DF3A-334A-48C9-9A49-30FDC52E2483}.Debug|ARM.ActiveCfg = Debug|Any CPU
		{5416DF3A-334A-48C9-9A49-30FDC52E2483}.Debug|ARM.Build.0 = Debug|Any CPU
		{5416DF3A-334A-48C9-9A49-30FDC52E2483}.Debug|iPhone.ActiveCfg = Debug|Any CPU
		{5416DF3A-334A-48C9-9A49-30FDC52E2483}.Debug|iPhone.Build.0 = Debug|Any CPU
		{5416DF3A-334A-48C9-9A49-30FDC52E2483}.Debug|iPhoneSimulator.ActiveCfg = Debug|Any CPU
		{5416DF3A-334A-48C9-9A49-30FDC52E2483}.Debug|iPhoneSimulator.Build.0 = Debug|Any CPU
		{5416DF3A-334A-48C9-9A49-30FDC52E2483}.Debug|x64.ActiveCfg = Debug|Any CPU
		{5416DF3A-334A-48C9-9A49-30FDC52E2483}.Debug|x64.Build.0 = Debug|Any CPU
		{5416DF3A-334A-48C9-9A49-30FDC52E2483}.Debug|x86.ActiveCfg = Debug|Any CPU
		{5416DF3A-334A-48C9-9A49-30FDC52E2483}.Debug|x86.Build.0 = Debug|Any CPU
		{5416DF3A-334A-48C9-9A49-30FDC52E2483}.Release|Any CPU.ActiveCfg = Release|Any CPU
		{5416DF3A-334A-48C9-9A49-30FDC52E2483}.Release|Any CPU.Build.0 = Release|Any CPU
		{5416DF3A-334A-48C9-9A49-30FDC52E2483}.Release|ARM.ActiveCfg = Release|Any CPU
		{5416DF3A-334A-48C9-9A49-30FDC52E2483}.Release|ARM.Build.0 = Release|Any CPU
		{5416DF3A-334A-48C9-9A49-30FDC52E2483}.Release|iPhone.ActiveCfg = Release|Any CPU
		{5416DF3A-334A-48C9-9A49-30FDC52E2483}.Release|iPhone.Build.0 = Release|Any CPU
		{5416DF3A-334A-48C9-9A49-30FDC52E2483}.Release|iPhoneSimulator.ActiveCfg = Release|Any CPU
		{5416DF3A-334A-48C9-9A49-30FDC52E2483}.Release|iPhoneSimulator.Build.0 = Release|Any CPU
		{5416DF3A-334A-48C9-9A49-30FDC52E2483}.Release|x64.ActiveCfg = Release|Any CPU
		{5416DF3A-334A-48C9-9A49-30FDC52E2483}.Release|x64.Build.0 = Release|Any CPU
		{5416DF3A-334A-48C9-9A49-30FDC52E2483}.Release|x86.ActiveCfg = Release|Any CPU
		{5416DF3A-334A-48C9-9A49-30FDC52E2483}.Release|x86.Build.0 = Release|Any CPU
	EndGlobalSection
	GlobalSection(SolutionProperties) = preSolution
		HideSolutionNode = FALSE
	EndGlobalSection
	GlobalSection(NestedProjects) = preSolution
		{CDE24E7B-18F1-486D-83E2-B498FA1EFBE3} = {D4537DFB-4534-4137-87FB-AA5050D37606}
		{96F3229F-CE26-411B-A4A0-CE8423A7877A} = {1692B1E6-4837-4FFB-A995-AF054A16E078}
		{B9F46A1A-3117-4C18-A425-824CBB870C98} = {1692B1E6-4837-4FFB-A995-AF054A16E078}
		{546210BD-933D-40C7-8113-D55A62FC3504} = {1692B1E6-4837-4FFB-A995-AF054A16E078}
	EndGlobalSection
	GlobalSection(ExtensibilityGlobals) = postSolution
		SolutionGuid = {63D6228F-5C65-4A0F-8C16-5FA15AF210CA}
		EnterpriseLibraryConfigurationToolBinariesPathV6 = packages\EnterpriseLibrary.TransientFaultHandling.6.0.1304.0\lib\portable-net45+win+wp8
	EndGlobalSection
EndGlobal
